// !$*UTF8*$!
{
	archiveVersion = 1;
	classes = {
	};
	objectVersion = 55;
	objects = {

/* Begin PBXBuildFile section */
		4C1F3D1EBBA69784AF1CB7FC /* Pods_Facebook.framework in Frameworks */ = {isa = PBXBuildFile; fileRef = 74F8DC55374F2CDB24937D2A /* Pods_Facebook.framework */; };
		774094382750E57100AD8DC2 /* MainProfileTableViewCell.swift in Sources */ = {isa = PBXBuildFile; fileRef = 774094362750E57100AD8DC2 /* MainProfileTableViewCell.swift */; };
		774094392750E57100AD8DC2 /* MainProfileTableViewCell.xib in Resources */ = {isa = PBXBuildFile; fileRef = 774094372750E57100AD8DC2 /* MainProfileTableViewCell.xib */; };
		7740943E2750E7E400AD8DC2 /* DetailProfileTableViewCell.swift in Sources */ = {isa = PBXBuildFile; fileRef = 7740943C2750E7E400AD8DC2 /* DetailProfileTableViewCell.swift */; };
		7740943F2750E7E400AD8DC2 /* DetailProfileTableViewCell.xib in Resources */ = {isa = PBXBuildFile; fileRef = 7740943D2750E7E400AD8DC2 /* DetailProfileTableViewCell.xib */; };
		774094442750EBF600AD8DC2 /* ShowProfileTableViewCell.swift in Sources */ = {isa = PBXBuildFile; fileRef = 774094422750EBF600AD8DC2 /* ShowProfileTableViewCell.swift */; };
		774094452750EBF600AD8DC2 /* ShowProfileTableViewCell.xib in Resources */ = {isa = PBXBuildFile; fileRef = 774094432750EBF600AD8DC2 /* ShowProfileTableViewCell.xib */; };
		7740944A2750ECDC00AD8DC2 /* EditProfileTableViewCell.swift in Sources */ = {isa = PBXBuildFile; fileRef = 774094482750ECDC00AD8DC2 /* EditProfileTableViewCell.swift */; };
		7740944B2750ECDC00AD8DC2 /* EditProfileTableViewCell.xib in Resources */ = {isa = PBXBuildFile; fileRef = 774094492750ECDC00AD8DC2 /* EditProfileTableViewCell.xib */; };
		7779931A274FD8E4007A3898 /* PostTableViewCell.swift in Sources */ = {isa = PBXBuildFile; fileRef = 77799318274FD8E4007A3898 /* PostTableViewCell.swift */; };
		7779931B274FD8E4007A3898 /* PostTableViewCell.xib in Resources */ = {isa = PBXBuildFile; fileRef = 77799319274FD8E4007A3898 /* PostTableViewCell.xib */; };
		7779931D2750843C007A3898 /* SearchViewController.swift in Sources */ = {isa = PBXBuildFile; fileRef = 7779931C2750843B007A3898 /* SearchViewController.swift */; };
		777993212750CD41007A3898 /* CreatePostTableViewCell.swift in Sources */ = {isa = PBXBuildFile; fileRef = 7779931F2750CD41007A3898 /* CreatePostTableViewCell.swift */; };
		777993222750CD41007A3898 /* CreatePostTableViewCell.xib in Resources */ = {isa = PBXBuildFile; fileRef = 777993202750CD41007A3898 /* CreatePostTableViewCell.xib */; };
		777993252750D280007A3898 /* NotificationTableViewCell.swift in Sources */ = {isa = PBXBuildFile; fileRef = 777993232750D280007A3898 /* NotificationTableViewCell.swift */; };
		777993262750D280007A3898 /* NotificationTableViewCell.xib in Resources */ = {isa = PBXBuildFile; fileRef = 777993242750D280007A3898 /* NotificationTableViewCell.xib */; };
		B846BDA52754E53700513B77 /* KakaoAuthManager.swift in Sources */ = {isa = PBXBuildFile; fileRef = B846BDA42754E53700513B77 /* KakaoAuthManager.swift */; };
		B846BDA72754F35800513B77 /* LoginView.swift in Sources */ = {isa = PBXBuildFile; fileRef = B846BDA62754F35800513B77 /* LoginView.swift */; };
		B846BDAA2754F5A900513B77 /* FacebookColor.swift in Sources */ = {isa = PBXBuildFile; fileRef = B846BDA92754F5A900513B77 /* FacebookColor.swift */; };
		B846BDAC2754FEFB00513B77 /* RectangularSlimButton.swift in Sources */ = {isa = PBXBuildFile; fileRef = B846BDAB2754FEFB00513B77 /* RectangularSlimButton.swift */; };
		B846BDAE275504AA00513B77 /* LoginViewController.swift in Sources */ = {isa = PBXBuildFile; fileRef = B846BDAD275504AA00513B77 /* LoginViewController.swift */; };
		B846BDB02755119600513B77 /* FacebookTextField.swift in Sources */ = {isa = PBXBuildFile; fileRef = B846BDAF2755119500513B77 /* FacebookTextField.swift */; };
		B846BDB22759208500513B77 /* BaseAlertController.swift in Sources */ = {isa = PBXBuildFile; fileRef = B846BDB12759208400513B77 /* BaseAlertController.swift */; };
		B846BDB42759250400513B77 /* BaseSignUpView.swift in Sources */ = {isa = PBXBuildFile; fileRef = B846BDB32759250400513B77 /* BaseSignUpView.swift */; };
		B897A8FE274E303600FB67D3 /* AppDelegate.swift in Sources */ = {isa = PBXBuildFile; fileRef = B897A8FD274E303600FB67D3 /* AppDelegate.swift */; };
		B897A900274E303600FB67D3 /* SceneDelegate.swift in Sources */ = {isa = PBXBuildFile; fileRef = B897A8FF274E303600FB67D3 /* SceneDelegate.swift */; };
		B897A907274E303700FB67D3 /* Assets.xcassets in Resources */ = {isa = PBXBuildFile; fileRef = B897A906274E303700FB67D3 /* Assets.xcassets */; };
		B897A90A274E303700FB67D3 /* LaunchScreen.storyboard in Resources */ = {isa = PBXBuildFile; fileRef = B897A908274E303700FB67D3 /* LaunchScreen.storyboard */; };
		B897A915274E372300FB67D3 /* RootTabBarController.swift in Sources */ = {isa = PBXBuildFile; fileRef = B897A914274E372300FB67D3 /* RootTabBarController.swift */; };
		B897A919274E378300FB67D3 /* ProfileTabViewController.swift in Sources */ = {isa = PBXBuildFile; fileRef = B897A918274E378300FB67D3 /* ProfileTabViewController.swift */; };
		B897A91D274E387300FB67D3 /* NotificationTabViewController.swift in Sources */ = {isa = PBXBuildFile; fileRef = B897A91C274E387300FB67D3 /* NotificationTabViewController.swift */; };
		B897A91F274E389000FB67D3 /* NewsfeedTabViewController.swift in Sources */ = {isa = PBXBuildFile; fileRef = B897A91E274E389000FB67D3 /* NewsfeedTabViewController.swift */; };
		B897A922274E612B00FB67D3 /* NewsfeedTabView.swift in Sources */ = {isa = PBXBuildFile; fileRef = B897A921274E612B00FB67D3 /* NewsfeedTabView.swift */; };
		B897A924274E61A900FB67D3 /* ProfileTabView.swift in Sources */ = {isa = PBXBuildFile; fileRef = B897A923274E61A900FB67D3 /* ProfileTabView.swift */; };
		B897A926274E61D800FB67D3 /* NotificationTabView.swift in Sources */ = {isa = PBXBuildFile; fileRef = B897A925274E61D800FB67D3 /* NotificationTabView.swift */; };
		B897A928274E69CF00FB67D3 /* BaseTabViewController.swift in Sources */ = {isa = PBXBuildFile; fileRef = B897A927274E69CF00FB67D3 /* BaseTabViewController.swift */; };
		BEA834AE275123FD00D6EC95 /* Endpoint.swift in Sources */ = {isa = PBXBuildFile; fileRef = BEA834AD275123FD00D6EC95 /* Endpoint.swift */; };
		BEA834B2275126A600D6EC95 /* Ping.swift in Sources */ = {isa = PBXBuildFile; fileRef = BEA834B1275126A600D6EC95 /* Ping.swift */; };
		BEA834B527513B7700D6EC95 /* NetworkService.swift in Sources */ = {isa = PBXBuildFile; fileRef = BEA834B427513B7700D6EC95 /* NetworkService.swift */; };
/* End PBXBuildFile section */

/* Begin PBXFileReference section */
		6359F47475B70FE61F708C89 /* Pods-Facebook.debug.xcconfig */ = {isa = PBXFileReference; includeInIndex = 1; lastKnownFileType = text.xcconfig; name = "Pods-Facebook.debug.xcconfig"; path = "Target Support Files/Pods-Facebook/Pods-Facebook.debug.xcconfig"; sourceTree = "<group>"; };
		74F8DC55374F2CDB24937D2A /* Pods_Facebook.framework */ = {isa = PBXFileReference; explicitFileType = wrapper.framework; includeInIndex = 0; path = Pods_Facebook.framework; sourceTree = BUILT_PRODUCTS_DIR; };
		774094362750E57100AD8DC2 /* MainProfileTableViewCell.swift */ = {isa = PBXFileReference; lastKnownFileType = sourcecode.swift; path = MainProfileTableViewCell.swift; sourceTree = "<group>"; };
		774094372750E57100AD8DC2 /* MainProfileTableViewCell.xib */ = {isa = PBXFileReference; lastKnownFileType = file.xib; path = MainProfileTableViewCell.xib; sourceTree = "<group>"; };
		7740943C2750E7E400AD8DC2 /* DetailProfileTableViewCell.swift */ = {isa = PBXFileReference; lastKnownFileType = sourcecode.swift; path = DetailProfileTableViewCell.swift; sourceTree = "<group>"; };
		7740943D2750E7E400AD8DC2 /* DetailProfileTableViewCell.xib */ = {isa = PBXFileReference; lastKnownFileType = file.xib; path = DetailProfileTableViewCell.xib; sourceTree = "<group>"; };
		774094422750EBF600AD8DC2 /* ShowProfileTableViewCell.swift */ = {isa = PBXFileReference; lastKnownFileType = sourcecode.swift; path = ShowProfileTableViewCell.swift; sourceTree = "<group>"; };
		774094432750EBF600AD8DC2 /* ShowProfileTableViewCell.xib */ = {isa = PBXFileReference; lastKnownFileType = file.xib; path = ShowProfileTableViewCell.xib; sourceTree = "<group>"; };
		774094482750ECDC00AD8DC2 /* EditProfileTableViewCell.swift */ = {isa = PBXFileReference; lastKnownFileType = sourcecode.swift; path = EditProfileTableViewCell.swift; sourceTree = "<group>"; };
		774094492750ECDC00AD8DC2 /* EditProfileTableViewCell.xib */ = {isa = PBXFileReference; lastKnownFileType = file.xib; path = EditProfileTableViewCell.xib; sourceTree = "<group>"; };
		77799318274FD8E4007A3898 /* PostTableViewCell.swift */ = {isa = PBXFileReference; lastKnownFileType = sourcecode.swift; path = PostTableViewCell.swift; sourceTree = "<group>"; };
		77799319274FD8E4007A3898 /* PostTableViewCell.xib */ = {isa = PBXFileReference; lastKnownFileType = file.xib; path = PostTableViewCell.xib; sourceTree = "<group>"; };
		7779931C2750843B007A3898 /* SearchViewController.swift */ = {isa = PBXFileReference; lastKnownFileType = sourcecode.swift; path = SearchViewController.swift; sourceTree = "<group>"; };
		7779931F2750CD41007A3898 /* CreatePostTableViewCell.swift */ = {isa = PBXFileReference; lastKnownFileType = sourcecode.swift; path = CreatePostTableViewCell.swift; sourceTree = "<group>"; };
		777993202750CD41007A3898 /* CreatePostTableViewCell.xib */ = {isa = PBXFileReference; lastKnownFileType = file.xib; path = CreatePostTableViewCell.xib; sourceTree = "<group>"; };
		777993232750D280007A3898 /* NotificationTableViewCell.swift */ = {isa = PBXFileReference; lastKnownFileType = sourcecode.swift; path = NotificationTableViewCell.swift; sourceTree = "<group>"; };
		777993242750D280007A3898 /* NotificationTableViewCell.xib */ = {isa = PBXFileReference; lastKnownFileType = file.xib; path = NotificationTableViewCell.xib; sourceTree = "<group>"; };
		AF0AA20D3E5E391258D676CE /* Pods-Facebook.release.xcconfig */ = {isa = PBXFileReference; includeInIndex = 1; lastKnownFileType = text.xcconfig; name = "Pods-Facebook.release.xcconfig"; path = "Target Support Files/Pods-Facebook/Pods-Facebook.release.xcconfig"; sourceTree = "<group>"; };
		B846BDA42754E53700513B77 /* KakaoAuthManager.swift */ = {isa = PBXFileReference; lastKnownFileType = sourcecode.swift; path = KakaoAuthManager.swift; sourceTree = "<group>"; };
		B846BDA62754F35800513B77 /* LoginView.swift */ = {isa = PBXFileReference; lastKnownFileType = sourcecode.swift; path = LoginView.swift; sourceTree = "<group>"; };
		B846BDA92754F5A900513B77 /* FacebookColor.swift */ = {isa = PBXFileReference; lastKnownFileType = sourcecode.swift; path = FacebookColor.swift; sourceTree = "<group>"; };
		B846BDAB2754FEFB00513B77 /* RectangularSlimButton.swift */ = {isa = PBXFileReference; lastKnownFileType = sourcecode.swift; path = RectangularSlimButton.swift; sourceTree = "<group>"; };
		B846BDAD275504AA00513B77 /* LoginViewController.swift */ = {isa = PBXFileReference; lastKnownFileType = sourcecode.swift; path = LoginViewController.swift; sourceTree = "<group>"; };
		B846BDAF2755119500513B77 /* FacebookTextField.swift */ = {isa = PBXFileReference; lastKnownFileType = sourcecode.swift; path = FacebookTextField.swift; sourceTree = "<group>"; };
		B846BDB12759208400513B77 /* BaseAlertController.swift */ = {isa = PBXFileReference; lastKnownFileType = sourcecode.swift; path = BaseAlertController.swift; sourceTree = "<group>"; };
		B846BDB32759250400513B77 /* BaseSignUpView.swift */ = {isa = PBXFileReference; lastKnownFileType = sourcecode.swift; path = BaseSignUpView.swift; sourceTree = "<group>"; };
		B897A8FA274E303600FB67D3 /* Facebook.app */ = {isa = PBXFileReference; explicitFileType = wrapper.application; includeInIndex = 0; path = Facebook.app; sourceTree = BUILT_PRODUCTS_DIR; };
		B897A8FD274E303600FB67D3 /* AppDelegate.swift */ = {isa = PBXFileReference; lastKnownFileType = sourcecode.swift; path = AppDelegate.swift; sourceTree = "<group>"; };
		B897A8FF274E303600FB67D3 /* SceneDelegate.swift */ = {isa = PBXFileReference; lastKnownFileType = sourcecode.swift; path = SceneDelegate.swift; sourceTree = "<group>"; };
		B897A906274E303700FB67D3 /* Assets.xcassets */ = {isa = PBXFileReference; lastKnownFileType = folder.assetcatalog; path = Assets.xcassets; sourceTree = "<group>"; };
		B897A909274E303700FB67D3 /* Base */ = {isa = PBXFileReference; lastKnownFileType = file.storyboard; name = Base; path = Base.lproj/LaunchScreen.storyboard; sourceTree = "<group>"; };
		B897A90B274E303700FB67D3 /* Info.plist */ = {isa = PBXFileReference; lastKnownFileType = text.plist.xml; path = Info.plist; sourceTree = "<group>"; };
		B897A914274E372300FB67D3 /* RootTabBarController.swift */ = {isa = PBXFileReference; lastKnownFileType = sourcecode.swift; path = RootTabBarController.swift; sourceTree = "<group>"; };
		B897A918274E378300FB67D3 /* ProfileTabViewController.swift */ = {isa = PBXFileReference; lastKnownFileType = sourcecode.swift; path = ProfileTabViewController.swift; sourceTree = "<group>"; };
		B897A91C274E387300FB67D3 /* NotificationTabViewController.swift */ = {isa = PBXFileReference; lastKnownFileType = sourcecode.swift; path = NotificationTabViewController.swift; sourceTree = "<group>"; };
		B897A91E274E389000FB67D3 /* NewsfeedTabViewController.swift */ = {isa = PBXFileReference; lastKnownFileType = sourcecode.swift; path = NewsfeedTabViewController.swift; sourceTree = "<group>"; };
		B897A921274E612B00FB67D3 /* NewsfeedTabView.swift */ = {isa = PBXFileReference; lastKnownFileType = sourcecode.swift; path = NewsfeedTabView.swift; sourceTree = "<group>"; };
		B897A923274E61A900FB67D3 /* ProfileTabView.swift */ = {isa = PBXFileReference; lastKnownFileType = sourcecode.swift; path = ProfileTabView.swift; sourceTree = "<group>"; };
		B897A925274E61D800FB67D3 /* NotificationTabView.swift */ = {isa = PBXFileReference; lastKnownFileType = sourcecode.swift; path = NotificationTabView.swift; sourceTree = "<group>"; };
		B897A927274E69CF00FB67D3 /* BaseTabViewController.swift */ = {isa = PBXFileReference; lastKnownFileType = sourcecode.swift; path = BaseTabViewController.swift; sourceTree = "<group>"; };
		BEA834AD275123FD00D6EC95 /* Endpoint.swift */ = {isa = PBXFileReference; lastKnownFileType = sourcecode.swift; path = Endpoint.swift; sourceTree = "<group>"; };
		BEA834B1275126A600D6EC95 /* Ping.swift */ = {isa = PBXFileReference; lastKnownFileType = sourcecode.swift; path = Ping.swift; sourceTree = "<group>"; };
		BEA834B427513B7700D6EC95 /* NetworkService.swift */ = {isa = PBXFileReference; lastKnownFileType = sourcecode.swift; path = NetworkService.swift; sourceTree = "<group>"; };
/* End PBXFileReference section */

/* Begin PBXFrameworksBuildPhase section */
		B897A8F7274E303600FB67D3 /* Frameworks */ = {
			isa = PBXFrameworksBuildPhase;
			buildActionMask = 2147483647;
			files = (
				4C1F3D1EBBA69784AF1CB7FC /* Pods_Facebook.framework in Frameworks */,
			);
			runOnlyForDeploymentPostprocessing = 0;
		};
/* End PBXFrameworksBuildPhase section */

/* Begin PBXGroup section */
		2374F33FDF56F8EAF5117649 /* Pods */ = {
			isa = PBXGroup;
			children = (
				6359F47475B70FE61F708C89 /* Pods-Facebook.debug.xcconfig */,
				AF0AA20D3E5E391258D676CE /* Pods-Facebook.release.xcconfig */,
			);
			path = Pods;
			sourceTree = "<group>";
		};
		7779931E27509170007A3898 /* Model */ = {
			isa = PBXGroup;
			children = (
			);
			path = Model;
			sourceTree = "<group>";
		};
		B846BDA82754F59100513B77 /* Components */ = {
			isa = PBXGroup;
			children = (
				B846BDA92754F5A900513B77 /* FacebookColor.swift */,
				B846BDAF2755119500513B77 /* FacebookTextField.swift */,
				B846BDAB2754FEFB00513B77 /* RectangularSlimButton.swift */,
				B846BDB12759208400513B77 /* BaseAlertController.swift */,
			);
			path = Components;
			sourceTree = "<group>";
		};
		B86194E7275D135300957BBC /* SignUpViewGroup */ = {
			isa = PBXGroup;
			children = (
			);
			path = SignUpViewGroup;
			sourceTree = "<group>";
		};
		B86194EA275D15A700957BBC /* SignUpViewControllerGroup */ = {
			isa = PBXGroup;
			children = (
			);
			path = SignUpViewControllerGroup;
			sourceTree = "<group>";
		};
		B897A8F1274E303600FB67D3 = {
			isa = PBXGroup;
			children = (
				B897A8FC274E303600FB67D3 /* Facebook */,
				B897A8FB274E303600FB67D3 /* Products */,
				2374F33FDF56F8EAF5117649 /* Pods */,
				C012E5AC2AFFD2D68B2B2EE8 /* Frameworks */,
			);
			sourceTree = "<group>";
		};
		B897A8FB274E303600FB67D3 /* Products */ = {
			isa = PBXGroup;
			children = (
				B897A8FA274E303600FB67D3 /* Facebook.app */,
			);
			name = Products;
			sourceTree = "<group>";
		};
		B897A8FC274E303600FB67D3 /* Facebook */ = {
			isa = PBXGroup;
			children = (
				B846BDA82754F59100513B77 /* Components */,
				BEA834AC275123A300D6EC95 /* Network */,
				7779931E27509170007A3898 /* Model */,
				B897A920274E611400FB67D3 /* View */,
				B897A913274E36FC00FB67D3 /* Controller */,
				B897A8FD274E303600FB67D3 /* AppDelegate.swift */,
				B897A8FF274E303600FB67D3 /* SceneDelegate.swift */,
				B897A906274E303700FB67D3 /* Assets.xcassets */,
				B897A908274E303700FB67D3 /* LaunchScreen.storyboard */,
				B897A90B274E303700FB67D3 /* Info.plist */,
			);
			path = Facebook;
			sourceTree = "<group>";
		};
		B897A913274E36FC00FB67D3 /* Controller */ = {
			isa = PBXGroup;
			children = (
				B897A914274E372300FB67D3 /* RootTabBarController.swift */,
				B897A927274E69CF00FB67D3 /* BaseTabViewController.swift */,
				B897A91E274E389000FB67D3 /* NewsfeedTabViewController.swift */,
				B897A918274E378300FB67D3 /* ProfileTabViewController.swift */,
				B897A91C274E387300FB67D3 /* NotificationTabViewController.swift */,
				7779931C2750843B007A3898 /* SearchViewController.swift */,
				B846BDAD275504AA00513B77 /* LoginViewController.swift */,
				B86194EA275D15A700957BBC /* SignUpViewControllerGroup */,
			);
			path = Controller;
			sourceTree = "<group>";
		};
		B897A920274E611400FB67D3 /* View */ = {
			isa = PBXGroup;
			children = (
				B897A921274E612B00FB67D3 /* NewsfeedTabView.swift */,
				B897A923274E61A900FB67D3 /* ProfileTabView.swift */,
				B897A925274E61D800FB67D3 /* NotificationTabView.swift */,
				B846BDA62754F35800513B77 /* LoginView.swift */,
				B846BDB32759250400513B77 /* BaseSignUpView.swift */,
				B86194E7275D135300957BBC /* SignUpViewGroup */,
				77799318274FD8E4007A3898 /* PostTableViewCell.swift */,
				77799319274FD8E4007A3898 /* PostTableViewCell.xib */,
				7779931F2750CD41007A3898 /* CreatePostTableViewCell.swift */,
				777993202750CD41007A3898 /* CreatePostTableViewCell.xib */,
				777993232750D280007A3898 /* NotificationTableViewCell.swift */,
				777993242750D280007A3898 /* NotificationTableViewCell.xib */,
				774094362750E57100AD8DC2 /* MainProfileTableViewCell.swift */,
				774094372750E57100AD8DC2 /* MainProfileTableViewCell.xib */,
				7740943C2750E7E400AD8DC2 /* DetailProfileTableViewCell.swift */,
				7740943D2750E7E400AD8DC2 /* DetailProfileTableViewCell.xib */,
				774094422750EBF600AD8DC2 /* ShowProfileTableViewCell.swift */,
				774094432750EBF600AD8DC2 /* ShowProfileTableViewCell.xib */,
				774094482750ECDC00AD8DC2 /* EditProfileTableViewCell.swift */,
				774094492750ECDC00AD8DC2 /* EditProfileTableViewCell.xib */,
			);
			path = View;
			sourceTree = "<group>";
		};
		BEA834AC275123A300D6EC95 /* Network */ = {
			isa = PBXGroup;
			children = (
				BEA834AD275123FD00D6EC95 /* Endpoint.swift */,
				BEA834B02751268200D6EC95 /* EndpointGroup */,
				BEA834B427513B7700D6EC95 /* NetworkService.swift */,
				B846BDA42754E53700513B77 /* KakaoAuthManager.swift */,
			);
			path = Network;
			sourceTree = "<group>";
		};
		BEA834B02751268200D6EC95 /* EndpointGroup */ = {
			isa = PBXGroup;
			children = (
				BEA834B1275126A600D6EC95 /* Ping.swift */,
			);
			path = EndpointGroup;
			sourceTree = "<group>";
		};
		C012E5AC2AFFD2D68B2B2EE8 /* Frameworks */ = {
			isa = PBXGroup;
			children = (
				74F8DC55374F2CDB24937D2A /* Pods_Facebook.framework */,
			);
			name = Frameworks;
			sourceTree = "<group>";
		};
/* End PBXGroup section */

/* Begin PBXNativeTarget section */
		B897A8F9274E303600FB67D3 /* Facebook */ = {
			isa = PBXNativeTarget;
			buildConfigurationList = B897A90E274E303700FB67D3 /* Build configuration list for PBXNativeTarget "Facebook" */;
			buildPhases = (
				9CA72C1D35F0CE49BFBA31A8 /* [CP] Check Pods Manifest.lock */,
				B897A8F6274E303600FB67D3 /* Sources */,
				B897A8F7274E303600FB67D3 /* Frameworks */,
				B897A8F8274E303600FB67D3 /* Resources */,
				2F692C30EFB8A0D7138DA2F0 /* [CP] Embed Pods Frameworks */,
			);
			buildRules = (
			);
			dependencies = (
			);
			name = Facebook;
			productName = Facebook;
			productReference = B897A8FA274E303600FB67D3 /* Facebook.app */;
			productType = "com.apple.product-type.application";
		};
/* End PBXNativeTarget section */

/* Begin PBXProject section */
		B897A8F2274E303600FB67D3 /* Project object */ = {
			isa = PBXProject;
			attributes = {
				BuildIndependentTargetsInParallel = 1;
				LastSwiftUpdateCheck = 1310;
				LastUpgradeCheck = 1310;
				TargetAttributes = {
					B897A8F9274E303600FB67D3 = {
						CreatedOnToolsVersion = 13.1;
					};
				};
			};
			buildConfigurationList = B897A8F5274E303600FB67D3 /* Build configuration list for PBXProject "Facebook" */;
			compatibilityVersion = "Xcode 13.0";
			developmentRegion = en;
			hasScannedForEncodings = 0;
			knownRegions = (
				en,
				Base,
			);
			mainGroup = B897A8F1274E303600FB67D3;
			productRefGroup = B897A8FB274E303600FB67D3 /* Products */;
			projectDirPath = "";
			projectRoot = "";
			targets = (
				B897A8F9274E303600FB67D3 /* Facebook */,
			);
		};
/* End PBXProject section */

/* Begin PBXResourcesBuildPhase section */
		B897A8F8274E303600FB67D3 /* Resources */ = {
			isa = PBXResourcesBuildPhase;
			buildActionMask = 2147483647;
			files = (
				7740944B2750ECDC00AD8DC2 /* EditProfileTableViewCell.xib in Resources */,
				777993262750D280007A3898 /* NotificationTableViewCell.xib in Resources */,
				7779931B274FD8E4007A3898 /* PostTableViewCell.xib in Resources */,
				774094452750EBF600AD8DC2 /* ShowProfileTableViewCell.xib in Resources */,
				777993222750CD41007A3898 /* CreatePostTableViewCell.xib in Resources */,
				7740943F2750E7E400AD8DC2 /* DetailProfileTableViewCell.xib in Resources */,
				B897A90A274E303700FB67D3 /* LaunchScreen.storyboard in Resources */,
				774094392750E57100AD8DC2 /* MainProfileTableViewCell.xib in Resources */,
				B897A907274E303700FB67D3 /* Assets.xcassets in Resources */,
			);
			runOnlyForDeploymentPostprocessing = 0;
		};
/* End PBXResourcesBuildPhase section */

/* Begin PBXShellScriptBuildPhase section */
		2F692C30EFB8A0D7138DA2F0 /* [CP] Embed Pods Frameworks */ = {
			isa = PBXShellScriptBuildPhase;
			buildActionMask = 2147483647;
			files = (
			);
			inputFileListPaths = (
				"${PODS_ROOT}/Target Support Files/Pods-Facebook/Pods-Facebook-frameworks-${CONFIGURATION}-input-files.xcfilelist",
			);
			name = "[CP] Embed Pods Frameworks";
			outputFileListPaths = (
				"${PODS_ROOT}/Target Support Files/Pods-Facebook/Pods-Facebook-frameworks-${CONFIGURATION}-output-files.xcfilelist",
			);
			runOnlyForDeploymentPostprocessing = 0;
			shellPath = /bin/sh;
			shellScript = "\"${PODS_ROOT}/Target Support Files/Pods-Facebook/Pods-Facebook-frameworks.sh\"\n";
			showEnvVarsInLog = 0;
		};
		9CA72C1D35F0CE49BFBA31A8 /* [CP] Check Pods Manifest.lock */ = {
			isa = PBXShellScriptBuildPhase;
			buildActionMask = 2147483647;
			files = (
			);
			inputFileListPaths = (
			);
			inputPaths = (
				"${PODS_PODFILE_DIR_PATH}/Podfile.lock",
				"${PODS_ROOT}/Manifest.lock",
			);
			name = "[CP] Check Pods Manifest.lock";
			outputFileListPaths = (
			);
			outputPaths = (
				"$(DERIVED_FILE_DIR)/Pods-Facebook-checkManifestLockResult.txt",
			);
			runOnlyForDeploymentPostprocessing = 0;
			shellPath = /bin/sh;
			shellScript = "diff \"${PODS_PODFILE_DIR_PATH}/Podfile.lock\" \"${PODS_ROOT}/Manifest.lock\" > /dev/null\nif [ $? != 0 ] ; then\n    # print error to STDERR\n    echo \"error: The sandbox is not in sync with the Podfile.lock. Run 'pod install' or update your CocoaPods installation.\" >&2\n    exit 1\nfi\n# This output is used by Xcode 'outputs' to avoid re-running this script phase.\necho \"SUCCESS\" > \"${SCRIPT_OUTPUT_FILE_0}\"\n";
			showEnvVarsInLog = 0;
		};
/* End PBXShellScriptBuildPhase section */

/* Begin PBXSourcesBuildPhase section */
		B897A8F6274E303600FB67D3 /* Sources */ = {
			isa = PBXSourcesBuildPhase;
			buildActionMask = 2147483647;
			files = (
				7779931A274FD8E4007A3898 /* PostTableViewCell.swift in Sources */,
				7740944A2750ECDC00AD8DC2 /* EditProfileTableViewCell.swift in Sources */,
				774094442750EBF600AD8DC2 /* ShowProfileTableViewCell.swift in Sources */,
				B897A8FE274E303600FB67D3 /* AppDelegate.swift in Sources */,
				B846BDA72754F35800513B77 /* LoginView.swift in Sources */,
				777993212750CD41007A3898 /* CreatePostTableViewCell.swift in Sources */,
				B897A926274E61D800FB67D3 /* NotificationTabView.swift in Sources */,
				B846BDAA2754F5A900513B77 /* FacebookColor.swift in Sources */,
				7740943E2750E7E400AD8DC2 /* DetailProfileTableViewCell.swift in Sources */,
				B897A91F274E389000FB67D3 /* NewsfeedTabViewController.swift in Sources */,
				BEA834B2275126A600D6EC95 /* Ping.swift in Sources */,
				B846BDB22759208500513B77 /* BaseAlertController.swift in Sources */,
				B846BDAC2754FEFB00513B77 /* RectangularSlimButton.swift in Sources */,
				777993252750D280007A3898 /* NotificationTableViewCell.swift in Sources */,
				B897A924274E61A900FB67D3 /* ProfileTabView.swift in Sources */,
				B846BDA52754E53700513B77 /* KakaoAuthManager.swift in Sources */,
				B846BDB02755119600513B77 /* FacebookTextField.swift in Sources */,
				B897A915274E372300FB67D3 /* RootTabBarController.swift in Sources */,
				7779931D2750843C007A3898 /* SearchViewController.swift in Sources */,
				B897A928274E69CF00FB67D3 /* BaseTabViewController.swift in Sources */,
				B897A919274E378300FB67D3 /* ProfileTabViewController.swift in Sources */,
				B897A922274E612B00FB67D3 /* NewsfeedTabView.swift in Sources */,
				B897A91D274E387300FB67D3 /* NotificationTabViewController.swift in Sources */,
				BEA834AE275123FD00D6EC95 /* Endpoint.swift in Sources */,
				BEA834B527513B7700D6EC95 /* NetworkService.swift in Sources */,
				B846BDB42759250400513B77 /* BaseSignUpView.swift in Sources */,
				774094382750E57100AD8DC2 /* MainProfileTableViewCell.swift in Sources */,
				B846BDAE275504AA00513B77 /* LoginViewController.swift in Sources */,
				B897A900274E303600FB67D3 /* SceneDelegate.swift in Sources */,
			);
			runOnlyForDeploymentPostprocessing = 0;
		};
/* End PBXSourcesBuildPhase section */

/* Begin PBXVariantGroup section */
		B897A908274E303700FB67D3 /* LaunchScreen.storyboard */ = {
			isa = PBXVariantGroup;
			children = (
				B897A909274E303700FB67D3 /* Base */,
			);
			name = LaunchScreen.storyboard;
			sourceTree = "<group>";
		};
/* End PBXVariantGroup section */

/* Begin XCBuildConfiguration section */
		B897A90C274E303700FB67D3 /* Debug */ = {
			isa = XCBuildConfiguration;
			buildSettings = {
				ALWAYS_SEARCH_USER_PATHS = NO;
				CLANG_ANALYZER_NONNULL = YES;
				CLANG_ANALYZER_NUMBER_OBJECT_CONVERSION = YES_AGGRESSIVE;
				CLANG_CXX_LANGUAGE_STANDARD = "gnu++17";
				CLANG_CXX_LIBRARY = "libc++";
				CLANG_ENABLE_MODULES = YES;
				CLANG_ENABLE_OBJC_ARC = YES;
				CLANG_ENABLE_OBJC_WEAK = YES;
				CLANG_WARN_BLOCK_CAPTURE_AUTORELEASING = YES;
				CLANG_WARN_BOOL_CONVERSION = YES;
				CLANG_WARN_COMMA = YES;
				CLANG_WARN_CONSTANT_CONVERSION = YES;
				CLANG_WARN_DEPRECATED_OBJC_IMPLEMENTATIONS = YES;
				CLANG_WARN_DIRECT_OBJC_ISA_USAGE = YES_ERROR;
				CLANG_WARN_DOCUMENTATION_COMMENTS = YES;
				CLANG_WARN_EMPTY_BODY = YES;
				CLANG_WARN_ENUM_CONVERSION = YES;
				CLANG_WARN_INFINITE_RECURSION = YES;
				CLANG_WARN_INT_CONVERSION = YES;
				CLANG_WARN_NON_LITERAL_NULL_CONVERSION = YES;
				CLANG_WARN_OBJC_IMPLICIT_RETAIN_SELF = YES;
				CLANG_WARN_OBJC_LITERAL_CONVERSION = YES;
				CLANG_WARN_OBJC_ROOT_CLASS = YES_ERROR;
				CLANG_WARN_QUOTED_INCLUDE_IN_FRAMEWORK_HEADER = YES;
				CLANG_WARN_RANGE_LOOP_ANALYSIS = YES;
				CLANG_WARN_STRICT_PROTOTYPES = YES;
				CLANG_WARN_SUSPICIOUS_MOVE = YES;
				CLANG_WARN_UNGUARDED_AVAILABILITY = YES_AGGRESSIVE;
				CLANG_WARN_UNREACHABLE_CODE = YES;
				CLANG_WARN__DUPLICATE_METHOD_MATCH = YES;
				COPY_PHASE_STRIP = NO;
				DEBUG_INFORMATION_FORMAT = dwarf;
				ENABLE_STRICT_OBJC_MSGSEND = YES;
				ENABLE_TESTABILITY = YES;
				GCC_C_LANGUAGE_STANDARD = gnu11;
				GCC_DYNAMIC_NO_PIC = NO;
				GCC_NO_COMMON_BLOCKS = YES;
				GCC_OPTIMIZATION_LEVEL = 0;
				GCC_PREPROCESSOR_DEFINITIONS = (
					"DEBUG=1",
					"$(inherited)",
				);
				GCC_WARN_64_TO_32_BIT_CONVERSION = YES;
				GCC_WARN_ABOUT_RETURN_TYPE = YES_ERROR;
				GCC_WARN_UNDECLARED_SELECTOR = YES;
				GCC_WARN_UNINITIALIZED_AUTOS = YES_AGGRESSIVE;
				GCC_WARN_UNUSED_FUNCTION = YES;
				GCC_WARN_UNUSED_VARIABLE = YES;
				IPHONEOS_DEPLOYMENT_TARGET = 15.0;
				MTL_ENABLE_DEBUG_INFO = INCLUDE_SOURCE;
				MTL_FAST_MATH = YES;
				ONLY_ACTIVE_ARCH = YES;
				SDKROOT = iphoneos;
				SWIFT_ACTIVE_COMPILATION_CONDITIONS = DEBUG;
				SWIFT_OPTIMIZATION_LEVEL = "-Onone";
			};
			name = Debug;
		};
		B897A90D274E303700FB67D3 /* Release */ = {
			isa = XCBuildConfiguration;
			buildSettings = {
				ALWAYS_SEARCH_USER_PATHS = NO;
				CLANG_ANALYZER_NONNULL = YES;
				CLANG_ANALYZER_NUMBER_OBJECT_CONVERSION = YES_AGGRESSIVE;
				CLANG_CXX_LANGUAGE_STANDARD = "gnu++17";
				CLANG_CXX_LIBRARY = "libc++";
				CLANG_ENABLE_MODULES = YES;
				CLANG_ENABLE_OBJC_ARC = YES;
				CLANG_ENABLE_OBJC_WEAK = YES;
				CLANG_WARN_BLOCK_CAPTURE_AUTORELEASING = YES;
				CLANG_WARN_BOOL_CONVERSION = YES;
				CLANG_WARN_COMMA = YES;
				CLANG_WARN_CONSTANT_CONVERSION = YES;
				CLANG_WARN_DEPRECATED_OBJC_IMPLEMENTATIONS = YES;
				CLANG_WARN_DIRECT_OBJC_ISA_USAGE = YES_ERROR;
				CLANG_WARN_DOCUMENTATION_COMMENTS = YES;
				CLANG_WARN_EMPTY_BODY = YES;
				CLANG_WARN_ENUM_CONVERSION = YES;
				CLANG_WARN_INFINITE_RECURSION = YES;
				CLANG_WARN_INT_CONVERSION = YES;
				CLANG_WARN_NON_LITERAL_NULL_CONVERSION = YES;
				CLANG_WARN_OBJC_IMPLICIT_RETAIN_SELF = YES;
				CLANG_WARN_OBJC_LITERAL_CONVERSION = YES;
				CLANG_WARN_OBJC_ROOT_CLASS = YES_ERROR;
				CLANG_WARN_QUOTED_INCLUDE_IN_FRAMEWORK_HEADER = YES;
				CLANG_WARN_RANGE_LOOP_ANALYSIS = YES;
				CLANG_WARN_STRICT_PROTOTYPES = YES;
				CLANG_WARN_SUSPICIOUS_MOVE = YES;
				CLANG_WARN_UNGUARDED_AVAILABILITY = YES_AGGRESSIVE;
				CLANG_WARN_UNREACHABLE_CODE = YES;
				CLANG_WARN__DUPLICATE_METHOD_MATCH = YES;
				COPY_PHASE_STRIP = NO;
				DEBUG_INFORMATION_FORMAT = "dwarf-with-dsym";
				ENABLE_NS_ASSERTIONS = NO;
				ENABLE_STRICT_OBJC_MSGSEND = YES;
				GCC_C_LANGUAGE_STANDARD = gnu11;
				GCC_NO_COMMON_BLOCKS = YES;
				GCC_WARN_64_TO_32_BIT_CONVERSION = YES;
				GCC_WARN_ABOUT_RETURN_TYPE = YES_ERROR;
				GCC_WARN_UNDECLARED_SELECTOR = YES;
				GCC_WARN_UNINITIALIZED_AUTOS = YES_AGGRESSIVE;
				GCC_WARN_UNUSED_FUNCTION = YES;
				GCC_WARN_UNUSED_VARIABLE = YES;
				IPHONEOS_DEPLOYMENT_TARGET = 15.0;
				MTL_ENABLE_DEBUG_INFO = NO;
				MTL_FAST_MATH = YES;
				SDKROOT = iphoneos;
				SWIFT_COMPILATION_MODE = wholemodule;
				SWIFT_OPTIMIZATION_LEVEL = "-O";
				VALIDATE_PRODUCT = YES;
			};
			name = Release;
		};
		B897A90F274E303700FB67D3 /* Debug */ = {
			isa = XCBuildConfiguration;
			baseConfigurationReference = 6359F47475B70FE61F708C89 /* Pods-Facebook.debug.xcconfig */;
			buildSettings = {
				ASSETCATALOG_COMPILER_APPICON_NAME = AppIcon;
				ASSETCATALOG_COMPILER_GLOBAL_ACCENT_COLOR_NAME = AccentColor;
				CODE_SIGN_STYLE = Automatic;
				CURRENT_PROJECT_VERSION = 1;
				GENERATE_INFOPLIST_FILE = YES;
				INFOPLIST_FILE = Facebook/Info.plist;
				INFOPLIST_KEY_UIApplicationSupportsIndirectInputEvents = YES;
				INFOPLIST_KEY_UILaunchStoryboardName = LaunchScreen;
				INFOPLIST_KEY_UISupportedInterfaceOrientations_iPad = "UIInterfaceOrientationPortrait UIInterfaceOrientationPortraitUpsideDown UIInterfaceOrientationLandscapeLeft UIInterfaceOrientationLandscapeRight";
				INFOPLIST_KEY_UISupportedInterfaceOrientations_iPhone = "UIInterfaceOrientationPortrait UIInterfaceOrientationLandscapeLeft UIInterfaceOrientationLandscapeRight";
				LD_RUNPATH_SEARCH_PATHS = (
					"$(inherited)",
					"@executable_path/Frameworks",
				);
				MARKETING_VERSION = 1.0;
				PRODUCT_BUNDLE_IDENTIFIER = com.waffleteam9.Facebook;
				PRODUCT_NAME = "$(TARGET_NAME)";
				SWIFT_EMIT_LOC_STRINGS = YES;
				SWIFT_VERSION = 5.0;
				TARGETED_DEVICE_FAMILY = "1,2";
			};
			name = Debug;
		};
		B897A910274E303700FB67D3 /* Release */ = {
			isa = XCBuildConfiguration;
			baseConfigurationReference = AF0AA20D3E5E391258D676CE /* Pods-Facebook.release.xcconfig */;
			buildSettings = {
				ASSETCATALOG_COMPILER_APPICON_NAME = AppIcon;
				ASSETCATALOG_COMPILER_GLOBAL_ACCENT_COLOR_NAME = AccentColor;
				CODE_SIGN_STYLE = Automatic;
				CURRENT_PROJECT_VERSION = 1;
				GENERATE_INFOPLIST_FILE = YES;
				INFOPLIST_FILE = Facebook/Info.plist;
				INFOPLIST_KEY_UIApplicationSupportsIndirectInputEvents = YES;
				INFOPLIST_KEY_UILaunchStoryboardName = LaunchScreen;
				INFOPLIST_KEY_UISupportedInterfaceOrientations_iPad = "UIInterfaceOrientationPortrait UIInterfaceOrientationPortraitUpsideDown UIInterfaceOrientationLandscapeLeft UIInterfaceOrientationLandscapeRight";
				INFOPLIST_KEY_UISupportedInterfaceOrientations_iPhone = "UIInterfaceOrientationPortrait UIInterfaceOrientationLandscapeLeft UIInterfaceOrientationLandscapeRight";
				LD_RUNPATH_SEARCH_PATHS = (
					"$(inherited)",
					"@executable_path/Frameworks",
				);
				MARKETING_VERSION = 1.0;
				PRODUCT_BUNDLE_IDENTIFIER = com.waffleteam9.Facebook;
				PRODUCT_NAME = "$(TARGET_NAME)";
				SWIFT_EMIT_LOC_STRINGS = YES;
				SWIFT_VERSION = 5.0;
				TARGETED_DEVICE_FAMILY = "1,2";
			};
			name = Release;
		};
/* End XCBuildConfiguration section */

/* Begin XCConfigurationList section */
		B897A8F5274E303600FB67D3 /* Build configuration list for PBXProject "Facebook" */ = {
			isa = XCConfigurationList;
			buildConfigurations = (
				B897A90C274E303700FB67D3 /* Debug */,
				B897A90D274E303700FB67D3 /* Release */,
			);
			defaultConfigurationIsVisible = 0;
			defaultConfigurationName = Release;
		};
		B897A90E274E303700FB67D3 /* Build configuration list for PBXNativeTarget "Facebook" */ = {
			isa = XCConfigurationList;
			buildConfigurations = (
				B897A90F274E303700FB67D3 /* Debug */,
				B897A910274E303700FB67D3 /* Release */,
			);
			defaultConfigurationIsVisible = 0;
			defaultConfigurationName = Release;
		};
/* End XCConfigurationList section */
	};
	rootObject = B897A8F2274E303600FB67D3 /* Project object */;
}
