// !$*UTF8*$!
{
	archiveVersion = 1;
	classes = {
	};
	objectVersion = 55;
	objects = {

/* Begin PBXBuildFile section */
		4C1F3D1EBBA69784AF1CB7FC /* Pods_Facebook.framework in Frameworks */ = {isa = PBXBuildFile; fileRef = 74F8DC55374F2CDB24937D2A /* Pods_Facebook.framework */; };
		771DF5A027707DD900B69351 /* ProfileImageTableViewCell.swift in Sources */ = {isa = PBXBuildFile; fileRef = 771DF59E27707DD900B69351 /* ProfileImageTableViewCell.swift */; };
		771DF5A127707DD900B69351 /* ProfileImageTableViewCell.xib in Resources */ = {isa = PBXBuildFile; fileRef = 771DF59F27707DD900B69351 /* ProfileImageTableViewCell.xib */; };
		774094382750E57100AD8DC2 /* MainProfileTableViewCell.swift in Sources */ = {isa = PBXBuildFile; fileRef = 774094362750E57100AD8DC2 /* MainProfileTableViewCell.swift */; };
		774094392750E57100AD8DC2 /* MainProfileTableViewCell.xib in Resources */ = {isa = PBXBuildFile; fileRef = 774094372750E57100AD8DC2 /* MainProfileTableViewCell.xib */; };
		7740943E2750E7E400AD8DC2 /* DetailProfileTableViewCell.swift in Sources */ = {isa = PBXBuildFile; fileRef = 7740943C2750E7E400AD8DC2 /* DetailProfileTableViewCell.swift */; };
		7740943F2750E7E400AD8DC2 /* DetailProfileTableViewCell.xib in Resources */ = {isa = PBXBuildFile; fileRef = 7740943D2750E7E400AD8DC2 /* DetailProfileTableViewCell.xib */; };
		774094442750EBF600AD8DC2 /* ShowProfileTableViewCell.swift in Sources */ = {isa = PBXBuildFile; fileRef = 774094422750EBF600AD8DC2 /* ShowProfileTableViewCell.swift */; };
		774094452750EBF600AD8DC2 /* ShowProfileTableViewCell.xib in Resources */ = {isa = PBXBuildFile; fileRef = 774094432750EBF600AD8DC2 /* ShowProfileTableViewCell.xib */; };
		7740944A2750ECDC00AD8DC2 /* EditProfileTableViewCell.swift in Sources */ = {isa = PBXBuildFile; fileRef = 774094482750ECDC00AD8DC2 /* EditProfileTableViewCell.swift */; };
		7740944B2750ECDC00AD8DC2 /* EditProfileTableViewCell.xib in Resources */ = {isa = PBXBuildFile; fileRef = 774094492750ECDC00AD8DC2 /* EditProfileTableViewCell.xib */; };
		77547904275CE66A0065711C /* PostDetailViewController.swift in Sources */ = {isa = PBXBuildFile; fileRef = 77547903275CE66A0065711C /* PostDetailViewController.swift */; };
		77547907275CE6CC0065711C /* CommentTableViewCellXib.swift in Sources */ = {isa = PBXBuildFile; fileRef = 77547905275CE6CC0065711C /* CommentTableViewCellXib.swift */; };
		77547908275CE6CC0065711C /* CommentTableViewCell.xib in Resources */ = {isa = PBXBuildFile; fileRef = 77547906275CE6CC0065711C /* CommentTableViewCell.xib */; };
		7779931A274FD8E4007A3898 /* PostTableViewCell.swift in Sources */ = {isa = PBXBuildFile; fileRef = 77799318274FD8E4007A3898 /* PostTableViewCell.swift */; };
		7779931B274FD8E4007A3898 /* PostTableViewCell.xib in Resources */ = {isa = PBXBuildFile; fileRef = 77799319274FD8E4007A3898 /* PostTableViewCell.xib */; };
		7779931D2750843C007A3898 /* SearchViewController.swift in Sources */ = {isa = PBXBuildFile; fileRef = 7779931C2750843B007A3898 /* SearchViewController.swift */; };
		777993252750D280007A3898 /* NotificationTableViewCell.swift in Sources */ = {isa = PBXBuildFile; fileRef = 777993232750D280007A3898 /* NotificationTableViewCell.swift */; };
		777993262750D280007A3898 /* NotificationTableViewCell.xib in Resources */ = {isa = PBXBuildFile; fileRef = 777993242750D280007A3898 /* NotificationTableViewCell.xib */; };
		77AC749B275CEDAD00F10BD5 /* PostDetailView.swift in Sources */ = {isa = PBXBuildFile; fileRef = 77AC749A275CEDAD00F10BD5 /* PostDetailView.swift */; };
		77B635422768B2C100C41EB3 /* DetailProfileView.swift in Sources */ = {isa = PBXBuildFile; fileRef = 77B635412768B2C100C41EB3 /* DetailProfileView.swift */; };
		77B635442768B2E200C41EB3 /* DetailProfileViewController.swift in Sources */ = {isa = PBXBuildFile; fileRef = 77B635432768B2E200C41EB3 /* DetailProfileViewController.swift */; };
		77B635462768B2F900C41EB3 /* EditProfileView.swift in Sources */ = {isa = PBXBuildFile; fileRef = 77B635452768B2F900C41EB3 /* EditProfileView.swift */; };
		77B635482768B30A00C41EB3 /* EditProfileViewController.swift in Sources */ = {isa = PBXBuildFile; fileRef = 77B635472768B30A00C41EB3 /* EditProfileViewController.swift */; };
		77E12FA22769A97800B8F191 /* CreatePostView.swift in Sources */ = {isa = PBXBuildFile; fileRef = 77E12FA12769A97800B8F191 /* CreatePostView.swift */; };
		77E12FA42769A98900B8F191 /* CreatePostViewController.swift in Sources */ = {isa = PBXBuildFile; fileRef = 77E12FA32769A98900B8F191 /* CreatePostViewController.swift */; };
		B846BDA52754E53700513B77 /* KakaoAuthManager.swift in Sources */ = {isa = PBXBuildFile; fileRef = B846BDA42754E53700513B77 /* KakaoAuthManager.swift */; };
		B846BDA72754F35800513B77 /* LoginView.swift in Sources */ = {isa = PBXBuildFile; fileRef = B846BDA62754F35800513B77 /* LoginView.swift */; };
		B846BDAA2754F5A900513B77 /* FacebookColor.swift in Sources */ = {isa = PBXBuildFile; fileRef = B846BDA92754F5A900513B77 /* FacebookColor.swift */; };
		B846BDAC2754FEFB00513B77 /* RectangularSlimButton.swift in Sources */ = {isa = PBXBuildFile; fileRef = B846BDAB2754FEFB00513B77 /* RectangularSlimButton.swift */; };
		B846BDAE275504AA00513B77 /* LoginViewController.swift in Sources */ = {isa = PBXBuildFile; fileRef = B846BDAD275504AA00513B77 /* LoginViewController.swift */; };
		B846BDB02755119600513B77 /* FacebookTextField.swift in Sources */ = {isa = PBXBuildFile; fileRef = B846BDAF2755119500513B77 /* FacebookTextField.swift */; };
		B846BDB42759250400513B77 /* BaseSignUpView.swift in Sources */ = {isa = PBXBuildFile; fileRef = B846BDB32759250400513B77 /* BaseSignUpView.swift */; };
		B85D67E02775AC04002CCC04 /* NewUser.swift in Sources */ = {isa = PBXBuildFile; fileRef = B85D67DF2775AC03002CCC04 /* NewUser.swift */; };
		B85D67E2277C9283002CCC04 /* Endpoint+NewUser.swift in Sources */ = {isa = PBXBuildFile; fileRef = B85D67E1277C9283002CCC04 /* Endpoint+NewUser.swift */; };
		B85D67E4277C964F002CCC04 /* SignUpResponse.swift in Sources */ = {isa = PBXBuildFile; fileRef = B85D67E3277C964F002CCC04 /* SignUpResponse.swift */; };
		B85D67E6277ECA76002CCC04 /* CurrentUser.swift in Sources */ = {isa = PBXBuildFile; fileRef = B85D67E5277ECA74002CCC04 /* CurrentUser.swift */; };
		B86194EE275D28D000957BBC /* EnterUsernameView.swift in Sources */ = {isa = PBXBuildFile; fileRef = B86194ED275D28D000957BBC /* EnterUsernameView.swift */; };
		B86194F0275D290600957BBC /* EnterUsernameViewController.swift in Sources */ = {isa = PBXBuildFile; fileRef = B86194EF275D290600957BBC /* EnterUsernameViewController.swift */; };
		B86194F2275DC0C200957BBC /* EnterBirthdateView.swift in Sources */ = {isa = PBXBuildFile; fileRef = B86194F1275DC0C200957BBC /* EnterBirthdateView.swift */; };
		B86194F4275DC49100957BBC /* EnterBirthdateViewController.swift in Sources */ = {isa = PBXBuildFile; fileRef = B86194F3275DC49100957BBC /* EnterBirthdateViewController.swift */; };
		B86194FD2760FEC700957BBC /* EnterEmailView.swift in Sources */ = {isa = PBXBuildFile; fileRef = B86194FC2760FEC700957BBC /* EnterEmailView.swift */; };
		B86194FF2760FED800957BBC /* EnterEmailViewController.swift in Sources */ = {isa = PBXBuildFile; fileRef = B86194FE2760FED800957BBC /* EnterEmailViewController.swift */; };
		B8619501276101AD00957BBC /* BaseSignUpViewController.swift in Sources */ = {isa = PBXBuildFile; fileRef = B8619500276101AD00957BBC /* BaseSignUpViewController.swift */; };
		B8619503276103AE00957BBC /* SelectGenderView.swift in Sources */ = {isa = PBXBuildFile; fileRef = B8619502276103AE00957BBC /* SelectGenderView.swift */; };
		B86195052761051900957BBC /* SelectGenderViewController.swift in Sources */ = {isa = PBXBuildFile; fileRef = B86195042761051900957BBC /* SelectGenderViewController.swift */; };
		B8619507276198B400957BBC /* GenderTableViewCell.swift in Sources */ = {isa = PBXBuildFile; fileRef = B8619506276198B400957BBC /* GenderTableViewCell.swift */; };
		B86195092761AFAE00957BBC /* ContentSizeFitViews.swift in Sources */ = {isa = PBXBuildFile; fileRef = B86195082761AFAE00957BBC /* ContentSizeFitViews.swift */; };
		B897A8FE274E303600FB67D3 /* AppDelegate.swift in Sources */ = {isa = PBXBuildFile; fileRef = B897A8FD274E303600FB67D3 /* AppDelegate.swift */; };
		B897A900274E303600FB67D3 /* SceneDelegate.swift in Sources */ = {isa = PBXBuildFile; fileRef = B897A8FF274E303600FB67D3 /* SceneDelegate.swift */; };
		B897A907274E303700FB67D3 /* Assets.xcassets in Resources */ = {isa = PBXBuildFile; fileRef = B897A906274E303700FB67D3 /* Assets.xcassets */; };
		B897A90A274E303700FB67D3 /* LaunchScreen.storyboard in Resources */ = {isa = PBXBuildFile; fileRef = B897A908274E303700FB67D3 /* LaunchScreen.storyboard */; };
		B897A915274E372300FB67D3 /* RootTabBarController.swift in Sources */ = {isa = PBXBuildFile; fileRef = B897A914274E372300FB67D3 /* RootTabBarController.swift */; };
		B897A919274E378300FB67D3 /* ProfileTabViewController.swift in Sources */ = {isa = PBXBuildFile; fileRef = B897A918274E378300FB67D3 /* ProfileTabViewController.swift */; };
		B897A91D274E387300FB67D3 /* NotificationTabViewController.swift in Sources */ = {isa = PBXBuildFile; fileRef = B897A91C274E387300FB67D3 /* NotificationTabViewController.swift */; };
		B897A91F274E389000FB67D3 /* NewsfeedTabViewController.swift in Sources */ = {isa = PBXBuildFile; fileRef = B897A91E274E389000FB67D3 /* NewsfeedTabViewController.swift */; };
		B897A922274E612B00FB67D3 /* NewsfeedTabView.swift in Sources */ = {isa = PBXBuildFile; fileRef = B897A921274E612B00FB67D3 /* NewsfeedTabView.swift */; };
		B897A924274E61A900FB67D3 /* ProfileTabView.swift in Sources */ = {isa = PBXBuildFile; fileRef = B897A923274E61A900FB67D3 /* ProfileTabView.swift */; };
		B897A926274E61D800FB67D3 /* NotificationTabView.swift in Sources */ = {isa = PBXBuildFile; fileRef = B897A925274E61D800FB67D3 /* NotificationTabView.swift */; };
		B897A928274E69CF00FB67D3 /* BaseTabViewController.swift in Sources */ = {isa = PBXBuildFile; fileRef = B897A927274E69CF00FB67D3 /* BaseTabViewController.swift */; };
		B8A7F8302761FC5F00F659D2 /* EnterPasswordView.swift in Sources */ = {isa = PBXBuildFile; fileRef = B8A7F82F2761FC5F00F659D2 /* EnterPasswordView.swift */; };
		B8A7F8322761FCEB00F659D2 /* EnterPasswordViewController.swift in Sources */ = {isa = PBXBuildFile; fileRef = B8A7F8312761FCEB00F659D2 /* EnterPasswordViewController.swift */; };
		B8A7F8342767507000F659D2 /* LabelWithPadding.swift in Sources */ = {isa = PBXBuildFile; fileRef = B8A7F8332767507000F659D2 /* LabelWithPadding.swift */; };
		B8A7F8372767690F00F659D2 /* UIViewController+Extensions.swift in Sources */ = {isa = PBXBuildFile; fileRef = B8A7F8362767690F00F659D2 /* UIViewController+Extensions.swift */; };
		BE64AF33277FE99D00C25967 /* ItemProvider+LoadFile.swift in Sources */ = {isa = PBXBuildFile; fileRef = BE64AF32277FE99D00C25967 /* ItemProvider+LoadFile.swift */; };
		BE64AF3527809F3E00C25967 /* UploadProgressHeaderView.swift in Sources */ = {isa = PBXBuildFile; fileRef = BE64AF3427809F3E00C25967 /* UploadProgressHeaderView.swift */; };
		BE64AF382780A34E00C25967 /* MainHeaderView.swift in Sources */ = {isa = PBXBuildFile; fileRef = BE64AF372780A34D00C25967 /* MainHeaderView.swift */; };
		BE64AF3A27827FAE00C25967 /* ResponsiveTableView.swift in Sources */ = {isa = PBXBuildFile; fileRef = BE64AF3927827FAE00C25967 /* ResponsiveTableView.swift */; };
		BE7D1DF7277D975000E080E3 /* PHPickerViewModel.swift in Sources */ = {isa = PBXBuildFile; fileRef = BE7D1DF6277D975000E080E3 /* PHPickerViewModel.swift */; };
		BE7D1DF9277DC63800E080E3 /* NSLayoutConstraints+Activate.swift in Sources */ = {isa = PBXBuildFile; fileRef = BE7D1DF8277DC63800E080E3 /* NSLayoutConstraints+Activate.swift */; };
		BE7D1DFB277E089F00E080E3 /* Rx+Upload.swift in Sources */ = {isa = PBXBuildFile; fileRef = BE7D1DFA277E089F00E080E3 /* Rx+Upload.swift */; };
		BE7FD9F7277CCDCA00C3FF8E /* ImageGridCollectionView.swift in Sources */ = {isa = PBXBuildFile; fileRef = BE7FD9F6277CCDCA00C3FF8E /* ImageGridCollectionView.swift */; };
		BE7FD9F9277CCFDA00C3FF8E /* ImageGridCell.swift in Sources */ = {isa = PBXBuildFile; fileRef = BE7FD9F8277CCFDA00C3FF8E /* ImageGridCell.swift */; };
		BE8015AB276B6CC90014FEFA /* PaginatedResponse.swift in Sources */ = {isa = PBXBuildFile; fileRef = BE8015AA276B6CC90014FEFA /* PaginatedResponse.swift */; };
		BE827A0F2772131000BD3566 /* FacebookGrayscale.swift in Sources */ = {isa = PBXBuildFile; fileRef = BE827A0E2772131000BD3566 /* FacebookGrayscale.swift */; };
		BE827A11277223A100BD3566 /* CreatePostHeaderView.swift in Sources */ = {isa = PBXBuildFile; fileRef = BE827A10277223A100BD3566 /* CreatePostHeaderView.swift */; };
		BE827A1427722ABD00BD3566 /* CreatePostTableViewCell.swift in Sources */ = {isa = PBXBuildFile; fileRef = BE827A1227722ABD00BD3566 /* CreatePostTableViewCell.swift */; };
		BE827A1727722B9400BD3566 /* CreatePostTableViewCell.xib in Resources */ = {isa = PBXBuildFile; fileRef = BE827A1627722B9400BD3566 /* CreatePostTableViewCell.xib */; };
		BE86BAD52783047500948CAA /* PostLikeResponse.swift in Sources */ = {isa = PBXBuildFile; fileRef = BE86BAD42783047500948CAA /* PostLikeResponse.swift */; };
		BE86BAD727830F7600948CAA /* CommentTableViewCell.swift in Sources */ = {isa = PBXBuildFile; fileRef = BE86BAD627830F7600948CAA /* CommentTableViewCell.swift */; };
		BE86BAD927830FC100948CAA /* Comment.swift in Sources */ = {isa = PBXBuildFile; fileRef = BE86BAD827830FC100948CAA /* Comment.swift */; };
		BE86BADE2783F45B00948CAA /* FlexibleTextView.swift in Sources */ = {isa = PBXBuildFile; fileRef = BE86BADD2783F45A00948CAA /* FlexibleTextView.swift */; };
		BE86BAE02784012F00948CAA /* CustomInputAccessoryView.swift in Sources */ = {isa = PBXBuildFile; fileRef = BE86BADF2784012F00948CAA /* CustomInputAccessoryView.swift */; };
		BE86BAE42784183600948CAA /* UITableView+DynamicHeader.swift in Sources */ = {isa = PBXBuildFile; fileRef = BE86BAE32784183600948CAA /* UITableView+DynamicHeader.swift */; };
		BE9C7C90276C71DB0089247F /* InteractionButtons.swift in Sources */ = {isa = PBXBuildFile; fileRef = BE9C7C8F276C71DB0089247F /* InteractionButtons.swift */; };
		BE9C7C92276CDF230089247F /* Endpoint+User.swift in Sources */ = {isa = PBXBuildFile; fileRef = BE9C7C91276CDF230089247F /* Endpoint+User.swift */; };
		BE9C7C96276DB3C30089247F /* PostCell.swift in Sources */ = {isa = PBXBuildFile; fileRef = BE9C7C95276DB3C30089247F /* PostCell.swift */; };
		BE9C7C9A276E3F480089247F /* LoginResponse.swift in Sources */ = {isa = PBXBuildFile; fileRef = BE9C7C99276E3F480089247F /* LoginResponse.swift */; };
		BE9C7C9D276E413B0089247F /* URL+QueryParameters.swift in Sources */ = {isa = PBXBuildFile; fileRef = BE9C7C9C276E413B0089247F /* URL+QueryParameters.swift */; };
		BE9C7C9F276EC6EC0089247F /* User.swift in Sources */ = {isa = PBXBuildFile; fileRef = BE9C7C9E276EC6EC0089247F /* User.swift */; };
		BE9C7CA1276ECA1F0089247F /* Int+Formatter.swift in Sources */ = {isa = PBXBuildFile; fileRef = BE9C7CA0276ECA1F0089247F /* Int+Formatter.swift */; };
		BEA834AE275123FD00D6EC95 /* Endpoint.swift in Sources */ = {isa = PBXBuildFile; fileRef = BEA834AD275123FD00D6EC95 /* Endpoint.swift */; };
		BEA834B527513B7700D6EC95 /* NetworkService.swift in Sources */ = {isa = PBXBuildFile; fileRef = BEA834B427513B7700D6EC95 /* NetworkService.swift */; };
		BEBDA767276C296F0004FFD7 /* GradientIcon.swift in Sources */ = {isa = PBXBuildFile; fileRef = BEBDA766276C296F0004FFD7 /* GradientIcon.swift */; };
		BEF254E3277AD0EA00FBAACB /* ProfileImageView.swift in Sources */ = {isa = PBXBuildFile; fileRef = BEF254E2277AD0EA00FBAACB /* ProfileImageView.swift */; };
		BEF254E5277AD28200FBAACB /* AuthorInfoHeaderView.swift in Sources */ = {isa = PBXBuildFile; fileRef = BEF254E4277AD28200FBAACB /* AuthorInfoHeaderView.swift */; };
		BEF254E8277AD3C700FBAACB /* InfoLabel.swift in Sources */ = {isa = PBXBuildFile; fileRef = BEF254E7277AD3C700FBAACB /* InfoLabel.swift */; };
		BEF254EC277ADBE800FBAACB /* InteractionButtonStackView.swift in Sources */ = {isa = PBXBuildFile; fileRef = BEF254EB277ADBE800FBAACB /* InteractionButtonStackView.swift */; };
		BEF254EE277B062800FBAACB /* PostContentLabel.swift in Sources */ = {isa = PBXBuildFile; fileRef = BEF254ED277B062800FBAACB /* PostContentLabel.swift */; };
		BEF254F2277B079D00FBAACB /* CGFloat+LayoutConstants.swift in Sources */ = {isa = PBXBuildFile; fileRef = BEF254F1277B079D00FBAACB /* CGFloat+LayoutConstants.swift */; };
		BEF254F4277B0DC500FBAACB /* PostDetailHeaderView.swift in Sources */ = {isa = PBXBuildFile; fileRef = BEF254F3277B0DC500FBAACB /* PostDetailHeaderView.swift */; };
		BEF254F6277B49F000FBAACB /* SwiftUIRepresentable.swift in Sources */ = {isa = PBXBuildFile; fileRef = BEF254F5277B49F000FBAACB /* SwiftUIRepresentable.swift */; };
		BEFFFAA7276B126D009CBF25 /* Post.swift in Sources */ = {isa = PBXBuildFile; fileRef = BEFFFAA6276B126D009CBF25 /* Post.swift */; };
		BEFFFAAD276B1BA2009CBF25 /* Endpoint+Newsfeed.swift in Sources */ = {isa = PBXBuildFile; fileRef = BEFFFAAC276B1BA2009CBF25 /* Endpoint+Newsfeed.swift */; };
		BEFFFAB0276B1E08009CBF25 /* PaginationViewModel.swift in Sources */ = {isa = PBXBuildFile; fileRef = BEFFFAAF276B1E08009CBF25 /* PaginationViewModel.swift */; };
/* End PBXBuildFile section */

/* Begin PBXFileReference section */
		6359F47475B70FE61F708C89 /* Pods-Facebook.debug.xcconfig */ = {isa = PBXFileReference; includeInIndex = 1; lastKnownFileType = text.xcconfig; name = "Pods-Facebook.debug.xcconfig"; path = "Target Support Files/Pods-Facebook/Pods-Facebook.debug.xcconfig"; sourceTree = "<group>"; };
		74F8DC55374F2CDB24937D2A /* Pods_Facebook.framework */ = {isa = PBXFileReference; explicitFileType = wrapper.framework; includeInIndex = 0; path = Pods_Facebook.framework; sourceTree = BUILT_PRODUCTS_DIR; };
		771DF59E27707DD900B69351 /* ProfileImageTableViewCell.swift */ = {isa = PBXFileReference; lastKnownFileType = sourcecode.swift; path = ProfileImageTableViewCell.swift; sourceTree = "<group>"; };
		771DF59F27707DD900B69351 /* ProfileImageTableViewCell.xib */ = {isa = PBXFileReference; lastKnownFileType = file.xib; path = ProfileImageTableViewCell.xib; sourceTree = "<group>"; };
		774094362750E57100AD8DC2 /* MainProfileTableViewCell.swift */ = {isa = PBXFileReference; lastKnownFileType = sourcecode.swift; path = MainProfileTableViewCell.swift; sourceTree = "<group>"; };
		774094372750E57100AD8DC2 /* MainProfileTableViewCell.xib */ = {isa = PBXFileReference; lastKnownFileType = file.xib; path = MainProfileTableViewCell.xib; sourceTree = "<group>"; };
		7740943C2750E7E400AD8DC2 /* DetailProfileTableViewCell.swift */ = {isa = PBXFileReference; lastKnownFileType = sourcecode.swift; path = DetailProfileTableViewCell.swift; sourceTree = "<group>"; };
		7740943D2750E7E400AD8DC2 /* DetailProfileTableViewCell.xib */ = {isa = PBXFileReference; lastKnownFileType = file.xib; path = DetailProfileTableViewCell.xib; sourceTree = "<group>"; };
		774094422750EBF600AD8DC2 /* ShowProfileTableViewCell.swift */ = {isa = PBXFileReference; lastKnownFileType = sourcecode.swift; path = ShowProfileTableViewCell.swift; sourceTree = "<group>"; };
		774094432750EBF600AD8DC2 /* ShowProfileTableViewCell.xib */ = {isa = PBXFileReference; lastKnownFileType = file.xib; path = ShowProfileTableViewCell.xib; sourceTree = "<group>"; };
		774094482750ECDC00AD8DC2 /* EditProfileTableViewCell.swift */ = {isa = PBXFileReference; lastKnownFileType = sourcecode.swift; path = EditProfileTableViewCell.swift; sourceTree = "<group>"; };
		774094492750ECDC00AD8DC2 /* EditProfileTableViewCell.xib */ = {isa = PBXFileReference; lastKnownFileType = file.xib; path = EditProfileTableViewCell.xib; sourceTree = "<group>"; };
		77547903275CE66A0065711C /* PostDetailViewController.swift */ = {isa = PBXFileReference; lastKnownFileType = sourcecode.swift; path = PostDetailViewController.swift; sourceTree = "<group>"; };
		77547905275CE6CC0065711C /* CommentTableViewCellXib.swift */ = {isa = PBXFileReference; lastKnownFileType = sourcecode.swift; path = CommentTableViewCellXib.swift; sourceTree = "<group>"; };
		77547906275CE6CC0065711C /* CommentTableViewCell.xib */ = {isa = PBXFileReference; lastKnownFileType = file.xib; path = CommentTableViewCell.xib; sourceTree = "<group>"; };
		77799318274FD8E4007A3898 /* PostTableViewCell.swift */ = {isa = PBXFileReference; lastKnownFileType = sourcecode.swift; path = PostTableViewCell.swift; sourceTree = "<group>"; };
		77799319274FD8E4007A3898 /* PostTableViewCell.xib */ = {isa = PBXFileReference; lastKnownFileType = file.xib; path = PostTableViewCell.xib; sourceTree = "<group>"; };
		7779931C2750843B007A3898 /* SearchViewController.swift */ = {isa = PBXFileReference; lastKnownFileType = sourcecode.swift; path = SearchViewController.swift; sourceTree = "<group>"; };
		777993232750D280007A3898 /* NotificationTableViewCell.swift */ = {isa = PBXFileReference; lastKnownFileType = sourcecode.swift; path = NotificationTableViewCell.swift; sourceTree = "<group>"; };
		777993242750D280007A3898 /* NotificationTableViewCell.xib */ = {isa = PBXFileReference; lastKnownFileType = file.xib; path = NotificationTableViewCell.xib; sourceTree = "<group>"; };
		77AC749A275CEDAD00F10BD5 /* PostDetailView.swift */ = {isa = PBXFileReference; lastKnownFileType = sourcecode.swift; path = PostDetailView.swift; sourceTree = "<group>"; };
		77B635412768B2C100C41EB3 /* DetailProfileView.swift */ = {isa = PBXFileReference; lastKnownFileType = sourcecode.swift; path = DetailProfileView.swift; sourceTree = "<group>"; };
		77B635432768B2E200C41EB3 /* DetailProfileViewController.swift */ = {isa = PBXFileReference; lastKnownFileType = sourcecode.swift; path = DetailProfileViewController.swift; sourceTree = "<group>"; };
		77B635452768B2F900C41EB3 /* EditProfileView.swift */ = {isa = PBXFileReference; lastKnownFileType = sourcecode.swift; path = EditProfileView.swift; sourceTree = "<group>"; };
		77B635472768B30A00C41EB3 /* EditProfileViewController.swift */ = {isa = PBXFileReference; lastKnownFileType = sourcecode.swift; path = EditProfileViewController.swift; sourceTree = "<group>"; };
		77E12FA12769A97800B8F191 /* CreatePostView.swift */ = {isa = PBXFileReference; lastKnownFileType = sourcecode.swift; path = CreatePostView.swift; sourceTree = "<group>"; };
		77E12FA32769A98900B8F191 /* CreatePostViewController.swift */ = {isa = PBXFileReference; lastKnownFileType = sourcecode.swift; path = CreatePostViewController.swift; sourceTree = "<group>"; };
		AF0AA20D3E5E391258D676CE /* Pods-Facebook.release.xcconfig */ = {isa = PBXFileReference; includeInIndex = 1; lastKnownFileType = text.xcconfig; name = "Pods-Facebook.release.xcconfig"; path = "Target Support Files/Pods-Facebook/Pods-Facebook.release.xcconfig"; sourceTree = "<group>"; };
		B846BDA42754E53700513B77 /* KakaoAuthManager.swift */ = {isa = PBXFileReference; lastKnownFileType = sourcecode.swift; path = KakaoAuthManager.swift; sourceTree = "<group>"; };
		B846BDA62754F35800513B77 /* LoginView.swift */ = {isa = PBXFileReference; lastKnownFileType = sourcecode.swift; path = LoginView.swift; sourceTree = "<group>"; };
		B846BDA92754F5A900513B77 /* FacebookColor.swift */ = {isa = PBXFileReference; lastKnownFileType = sourcecode.swift; path = FacebookColor.swift; sourceTree = "<group>"; };
		B846BDAB2754FEFB00513B77 /* RectangularSlimButton.swift */ = {isa = PBXFileReference; lastKnownFileType = sourcecode.swift; path = RectangularSlimButton.swift; sourceTree = "<group>"; };
		B846BDAD275504AA00513B77 /* LoginViewController.swift */ = {isa = PBXFileReference; lastKnownFileType = sourcecode.swift; path = LoginViewController.swift; sourceTree = "<group>"; };
		B846BDAF2755119500513B77 /* FacebookTextField.swift */ = {isa = PBXFileReference; lastKnownFileType = sourcecode.swift; path = FacebookTextField.swift; sourceTree = "<group>"; };
		B846BDB32759250400513B77 /* BaseSignUpView.swift */ = {isa = PBXFileReference; lastKnownFileType = sourcecode.swift; path = BaseSignUpView.swift; sourceTree = "<group>"; };
		B85D67DF2775AC03002CCC04 /* NewUser.swift */ = {isa = PBXFileReference; lastKnownFileType = sourcecode.swift; path = NewUser.swift; sourceTree = "<group>"; };
		B85D67E1277C9283002CCC04 /* Endpoint+NewUser.swift */ = {isa = PBXFileReference; lastKnownFileType = sourcecode.swift; path = "Endpoint+NewUser.swift"; sourceTree = "<group>"; };
		B85D67E3277C964F002CCC04 /* SignUpResponse.swift */ = {isa = PBXFileReference; lastKnownFileType = sourcecode.swift; path = SignUpResponse.swift; sourceTree = "<group>"; };
		B85D67E5277ECA74002CCC04 /* CurrentUser.swift */ = {isa = PBXFileReference; lastKnownFileType = sourcecode.swift; path = CurrentUser.swift; sourceTree = "<group>"; };
		B86194ED275D28D000957BBC /* EnterUsernameView.swift */ = {isa = PBXFileReference; lastKnownFileType = sourcecode.swift; path = EnterUsernameView.swift; sourceTree = "<group>"; };
		B86194EF275D290600957BBC /* EnterUsernameViewController.swift */ = {isa = PBXFileReference; lastKnownFileType = sourcecode.swift; path = EnterUsernameViewController.swift; sourceTree = "<group>"; };
		B86194F1275DC0C200957BBC /* EnterBirthdateView.swift */ = {isa = PBXFileReference; lastKnownFileType = sourcecode.swift; path = EnterBirthdateView.swift; sourceTree = "<group>"; };
		B86194F3275DC49100957BBC /* EnterBirthdateViewController.swift */ = {isa = PBXFileReference; lastKnownFileType = sourcecode.swift; path = EnterBirthdateViewController.swift; sourceTree = "<group>"; };
		B86194FC2760FEC700957BBC /* EnterEmailView.swift */ = {isa = PBXFileReference; lastKnownFileType = sourcecode.swift; path = EnterEmailView.swift; sourceTree = "<group>"; };
		B86194FE2760FED800957BBC /* EnterEmailViewController.swift */ = {isa = PBXFileReference; lastKnownFileType = sourcecode.swift; path = EnterEmailViewController.swift; sourceTree = "<group>"; };
		B8619500276101AD00957BBC /* BaseSignUpViewController.swift */ = {isa = PBXFileReference; lastKnownFileType = sourcecode.swift; path = BaseSignUpViewController.swift; sourceTree = "<group>"; };
		B8619502276103AE00957BBC /* SelectGenderView.swift */ = {isa = PBXFileReference; lastKnownFileType = sourcecode.swift; path = SelectGenderView.swift; sourceTree = "<group>"; };
		B86195042761051900957BBC /* SelectGenderViewController.swift */ = {isa = PBXFileReference; lastKnownFileType = sourcecode.swift; path = SelectGenderViewController.swift; sourceTree = "<group>"; };
		B8619506276198B400957BBC /* GenderTableViewCell.swift */ = {isa = PBXFileReference; lastKnownFileType = sourcecode.swift; path = GenderTableViewCell.swift; sourceTree = "<group>"; };
		B86195082761AFAE00957BBC /* ContentSizeFitViews.swift */ = {isa = PBXFileReference; lastKnownFileType = sourcecode.swift; path = ContentSizeFitViews.swift; sourceTree = "<group>"; };
		B897A8FA274E303600FB67D3 /* Facebook.app */ = {isa = PBXFileReference; explicitFileType = wrapper.application; includeInIndex = 0; path = Facebook.app; sourceTree = BUILT_PRODUCTS_DIR; };
		B897A8FD274E303600FB67D3 /* AppDelegate.swift */ = {isa = PBXFileReference; lastKnownFileType = sourcecode.swift; path = AppDelegate.swift; sourceTree = "<group>"; };
		B897A8FF274E303600FB67D3 /* SceneDelegate.swift */ = {isa = PBXFileReference; lastKnownFileType = sourcecode.swift; path = SceneDelegate.swift; sourceTree = "<group>"; };
		B897A906274E303700FB67D3 /* Assets.xcassets */ = {isa = PBXFileReference; lastKnownFileType = folder.assetcatalog; path = Assets.xcassets; sourceTree = "<group>"; };
		B897A909274E303700FB67D3 /* Base */ = {isa = PBXFileReference; lastKnownFileType = file.storyboard; name = Base; path = Base.lproj/LaunchScreen.storyboard; sourceTree = "<group>"; };
		B897A90B274E303700FB67D3 /* Info.plist */ = {isa = PBXFileReference; lastKnownFileType = text.plist.xml; path = Info.plist; sourceTree = "<group>"; };
		B897A914274E372300FB67D3 /* RootTabBarController.swift */ = {isa = PBXFileReference; lastKnownFileType = sourcecode.swift; path = RootTabBarController.swift; sourceTree = "<group>"; };
		B897A918274E378300FB67D3 /* ProfileTabViewController.swift */ = {isa = PBXFileReference; lastKnownFileType = sourcecode.swift; path = ProfileTabViewController.swift; sourceTree = "<group>"; };
		B897A91C274E387300FB67D3 /* NotificationTabViewController.swift */ = {isa = PBXFileReference; lastKnownFileType = sourcecode.swift; path = NotificationTabViewController.swift; sourceTree = "<group>"; };
		B897A91E274E389000FB67D3 /* NewsfeedTabViewController.swift */ = {isa = PBXFileReference; lastKnownFileType = sourcecode.swift; path = NewsfeedTabViewController.swift; sourceTree = "<group>"; };
		B897A921274E612B00FB67D3 /* NewsfeedTabView.swift */ = {isa = PBXFileReference; lastKnownFileType = sourcecode.swift; path = NewsfeedTabView.swift; sourceTree = "<group>"; };
		B897A923274E61A900FB67D3 /* ProfileTabView.swift */ = {isa = PBXFileReference; lastKnownFileType = sourcecode.swift; path = ProfileTabView.swift; sourceTree = "<group>"; };
		B897A925274E61D800FB67D3 /* NotificationTabView.swift */ = {isa = PBXFileReference; lastKnownFileType = sourcecode.swift; path = NotificationTabView.swift; sourceTree = "<group>"; };
		B897A927274E69CF00FB67D3 /* BaseTabViewController.swift */ = {isa = PBXFileReference; lastKnownFileType = sourcecode.swift; path = BaseTabViewController.swift; sourceTree = "<group>"; };
		B8A7F82F2761FC5F00F659D2 /* EnterPasswordView.swift */ = {isa = PBXFileReference; lastKnownFileType = sourcecode.swift; path = EnterPasswordView.swift; sourceTree = "<group>"; };
		B8A7F8312761FCEB00F659D2 /* EnterPasswordViewController.swift */ = {isa = PBXFileReference; lastKnownFileType = sourcecode.swift; path = EnterPasswordViewController.swift; sourceTree = "<group>"; };
		B8A7F8332767507000F659D2 /* LabelWithPadding.swift */ = {isa = PBXFileReference; lastKnownFileType = sourcecode.swift; path = LabelWithPadding.swift; sourceTree = "<group>"; };
		B8A7F8362767690F00F659D2 /* UIViewController+Extensions.swift */ = {isa = PBXFileReference; lastKnownFileType = sourcecode.swift; path = "UIViewController+Extensions.swift"; sourceTree = "<group>"; };
		BE64AF32277FE99D00C25967 /* ItemProvider+LoadFile.swift */ = {isa = PBXFileReference; lastKnownFileType = sourcecode.swift; path = "ItemProvider+LoadFile.swift"; sourceTree = "<group>"; };
		BE64AF3427809F3E00C25967 /* UploadProgressHeaderView.swift */ = {isa = PBXFileReference; lastKnownFileType = sourcecode.swift; path = UploadProgressHeaderView.swift; sourceTree = "<group>"; };
		BE64AF372780A34D00C25967 /* MainHeaderView.swift */ = {isa = PBXFileReference; lastKnownFileType = sourcecode.swift; path = MainHeaderView.swift; sourceTree = "<group>"; };
		BE64AF3927827FAE00C25967 /* ResponsiveTableView.swift */ = {isa = PBXFileReference; lastKnownFileType = sourcecode.swift; path = ResponsiveTableView.swift; sourceTree = "<group>"; };
		BE7D1DF6277D975000E080E3 /* PHPickerViewModel.swift */ = {isa = PBXFileReference; lastKnownFileType = sourcecode.swift; path = PHPickerViewModel.swift; sourceTree = "<group>"; };
		BE7D1DF8277DC63800E080E3 /* NSLayoutConstraints+Activate.swift */ = {isa = PBXFileReference; lastKnownFileType = sourcecode.swift; path = "NSLayoutConstraints+Activate.swift"; sourceTree = "<group>"; };
		BE7D1DFA277E089F00E080E3 /* Rx+Upload.swift */ = {isa = PBXFileReference; lastKnownFileType = sourcecode.swift; path = "Rx+Upload.swift"; sourceTree = "<group>"; };
		BE7FD9F6277CCDCA00C3FF8E /* ImageGridCollectionView.swift */ = {isa = PBXFileReference; lastKnownFileType = sourcecode.swift; path = ImageGridCollectionView.swift; sourceTree = "<group>"; };
		BE7FD9F8277CCFDA00C3FF8E /* ImageGridCell.swift */ = {isa = PBXFileReference; lastKnownFileType = sourcecode.swift; path = ImageGridCell.swift; sourceTree = "<group>"; };
		BE8015AA276B6CC90014FEFA /* PaginatedResponse.swift */ = {isa = PBXFileReference; lastKnownFileType = sourcecode.swift; path = PaginatedResponse.swift; sourceTree = "<group>"; };
		BE827A0E2772131000BD3566 /* FacebookGrayscale.swift */ = {isa = PBXFileReference; lastKnownFileType = sourcecode.swift; path = FacebookGrayscale.swift; sourceTree = "<group>"; };
		BE827A10277223A100BD3566 /* CreatePostHeaderView.swift */ = {isa = PBXFileReference; lastKnownFileType = sourcecode.swift; path = CreatePostHeaderView.swift; sourceTree = "<group>"; };
		BE827A1227722ABD00BD3566 /* CreatePostTableViewCell.swift */ = {isa = PBXFileReference; fileEncoding = 4; lastKnownFileType = sourcecode.swift; path = CreatePostTableViewCell.swift; sourceTree = "<group>"; };
		BE827A1627722B9400BD3566 /* CreatePostTableViewCell.xib */ = {isa = PBXFileReference; fileEncoding = 4; lastKnownFileType = file.xib; path = CreatePostTableViewCell.xib; sourceTree = "<group>"; };
		BE86BAD42783047500948CAA /* PostLikeResponse.swift */ = {isa = PBXFileReference; lastKnownFileType = sourcecode.swift; path = PostLikeResponse.swift; sourceTree = "<group>"; };
		BE86BAD627830F7600948CAA /* CommentTableViewCell.swift */ = {isa = PBXFileReference; lastKnownFileType = sourcecode.swift; path = CommentTableViewCell.swift; sourceTree = "<group>"; };
		BE86BAD827830FC100948CAA /* Comment.swift */ = {isa = PBXFileReference; lastKnownFileType = sourcecode.swift; path = Comment.swift; sourceTree = "<group>"; };
		BE86BADD2783F45A00948CAA /* FlexibleTextView.swift */ = {isa = PBXFileReference; fileEncoding = 4; lastKnownFileType = sourcecode.swift; path = FlexibleTextView.swift; sourceTree = "<group>"; };
		BE86BADF2784012F00948CAA /* CustomInputAccessoryView.swift */ = {isa = PBXFileReference; lastKnownFileType = sourcecode.swift; path = CustomInputAccessoryView.swift; sourceTree = "<group>"; };
		BE86BAE32784183600948CAA /* UITableView+DynamicHeader.swift */ = {isa = PBXFileReference; lastKnownFileType = sourcecode.swift; path = "UITableView+DynamicHeader.swift"; sourceTree = "<group>"; };
		BE9C7C8F276C71DB0089247F /* InteractionButtons.swift */ = {isa = PBXFileReference; lastKnownFileType = sourcecode.swift; path = InteractionButtons.swift; sourceTree = "<group>"; };
		BE9C7C91276CDF230089247F /* Endpoint+User.swift */ = {isa = PBXFileReference; lastKnownFileType = sourcecode.swift; path = "Endpoint+User.swift"; sourceTree = "<group>"; };
		BE9C7C95276DB3C30089247F /* PostCell.swift */ = {isa = PBXFileReference; lastKnownFileType = sourcecode.swift; path = PostCell.swift; sourceTree = "<group>"; };
		BE9C7C99276E3F480089247F /* LoginResponse.swift */ = {isa = PBXFileReference; lastKnownFileType = sourcecode.swift; path = LoginResponse.swift; sourceTree = "<group>"; };
		BE9C7C9C276E413B0089247F /* URL+QueryParameters.swift */ = {isa = PBXFileReference; lastKnownFileType = sourcecode.swift; path = "URL+QueryParameters.swift"; sourceTree = "<group>"; };
		BE9C7C9E276EC6EC0089247F /* User.swift */ = {isa = PBXFileReference; lastKnownFileType = sourcecode.swift; path = User.swift; sourceTree = "<group>"; };
		BE9C7CA0276ECA1F0089247F /* Int+Formatter.swift */ = {isa = PBXFileReference; lastKnownFileType = sourcecode.swift; path = "Int+Formatter.swift"; sourceTree = "<group>"; };
		BEA834AD275123FD00D6EC95 /* Endpoint.swift */ = {isa = PBXFileReference; lastKnownFileType = sourcecode.swift; path = Endpoint.swift; sourceTree = "<group>"; };
		BEA834B427513B7700D6EC95 /* NetworkService.swift */ = {isa = PBXFileReference; lastKnownFileType = sourcecode.swift; path = NetworkService.swift; sourceTree = "<group>"; };
		BEBDA766276C296F0004FFD7 /* GradientIcon.swift */ = {isa = PBXFileReference; lastKnownFileType = sourcecode.swift; path = GradientIcon.swift; sourceTree = "<group>"; };
		BEF254E2277AD0EA00FBAACB /* ProfileImageView.swift */ = {isa = PBXFileReference; lastKnownFileType = sourcecode.swift; path = ProfileImageView.swift; sourceTree = "<group>"; };
		BEF254E4277AD28200FBAACB /* AuthorInfoHeaderView.swift */ = {isa = PBXFileReference; lastKnownFileType = sourcecode.swift; path = AuthorInfoHeaderView.swift; sourceTree = "<group>"; };
		BEF254E7277AD3C700FBAACB /* InfoLabel.swift */ = {isa = PBXFileReference; lastKnownFileType = sourcecode.swift; path = InfoLabel.swift; sourceTree = "<group>"; };
		BEF254EB277ADBE800FBAACB /* InteractionButtonStackView.swift */ = {isa = PBXFileReference; lastKnownFileType = sourcecode.swift; path = InteractionButtonStackView.swift; sourceTree = "<group>"; };
		BEF254ED277B062800FBAACB /* PostContentLabel.swift */ = {isa = PBXFileReference; lastKnownFileType = sourcecode.swift; path = PostContentLabel.swift; sourceTree = "<group>"; };
		BEF254F1277B079D00FBAACB /* CGFloat+LayoutConstants.swift */ = {isa = PBXFileReference; lastKnownFileType = sourcecode.swift; path = "CGFloat+LayoutConstants.swift"; sourceTree = "<group>"; };
		BEF254F3277B0DC500FBAACB /* PostDetailHeaderView.swift */ = {isa = PBXFileReference; lastKnownFileType = sourcecode.swift; path = PostDetailHeaderView.swift; sourceTree = "<group>"; };
		BEF254F5277B49F000FBAACB /* SwiftUIRepresentable.swift */ = {isa = PBXFileReference; lastKnownFileType = sourcecode.swift; path = SwiftUIRepresentable.swift; sourceTree = "<group>"; };
		BEFFFAA6276B126D009CBF25 /* Post.swift */ = {isa = PBXFileReference; lastKnownFileType = sourcecode.swift; path = Post.swift; sourceTree = "<group>"; };
		BEFFFAAC276B1BA2009CBF25 /* Endpoint+Newsfeed.swift */ = {isa = PBXFileReference; lastKnownFileType = sourcecode.swift; path = "Endpoint+Newsfeed.swift"; sourceTree = "<group>"; };
		BEFFFAAF276B1E08009CBF25 /* PaginationViewModel.swift */ = {isa = PBXFileReference; lastKnownFileType = sourcecode.swift; path = PaginationViewModel.swift; sourceTree = "<group>"; };
/* End PBXFileReference section */

/* Begin PBXFrameworksBuildPhase section */
		B897A8F7274E303600FB67D3 /* Frameworks */ = {
			isa = PBXFrameworksBuildPhase;
			buildActionMask = 2147483647;
			files = (
				4C1F3D1EBBA69784AF1CB7FC /* Pods_Facebook.framework in Frameworks */,
			);
			runOnlyForDeploymentPostprocessing = 0;
		};
/* End PBXFrameworksBuildPhase section */

/* Begin PBXGroup section */
		2374F33FDF56F8EAF5117649 /* Pods */ = {
			isa = PBXGroup;
			children = (
				6359F47475B70FE61F708C89 /* Pods-Facebook.debug.xcconfig */,
				AF0AA20D3E5E391258D676CE /* Pods-Facebook.release.xcconfig */,
			);
			path = Pods;
			sourceTree = "<group>";
		};
		B846BDA82754F59100513B77 /* Components */ = {
			isa = PBXGroup;
			children = (
				BEF254E6277AD3A700FBAACB /* Labels */,
				BEBDA763276C28EC0004FFD7 /* Icons */,
				BE9C7CA427716E5A0089247F /* Buttons */,
				BE9C7CA327716E450089247F /* Colors */,
				BE9C7CA227716E280089247F /* TextFields */,
				BE9C7C8E276C71C50089247F /* PostCell */,
				B86195082761AFAE00957BBC /* ContentSizeFitViews.swift */,
				BE64AF3927827FAE00C25967 /* ResponsiveTableView.swift */,
			);
			path = Components;
			sourceTree = "<group>";
		};
		B86194E7275D135300957BBC /* SignUp */ = {
			isa = PBXGroup;
			children = (
				B846BDB32759250400513B77 /* BaseSignUpView.swift */,
				B86194ED275D28D000957BBC /* EnterUsernameView.swift */,
				B86194F1275DC0C200957BBC /* EnterBirthdateView.swift */,
				B86194FC2760FEC700957BBC /* EnterEmailView.swift */,
				B8619502276103AE00957BBC /* SelectGenderView.swift */,
				B8619506276198B400957BBC /* GenderTableViewCell.swift */,
				B8A7F82F2761FC5F00F659D2 /* EnterPasswordView.swift */,
			);
			path = SignUp;
			sourceTree = "<group>";
		};
		B86194EA275D15A700957BBC /* SignUp */ = {
			isa = PBXGroup;
			children = (
				B8619500276101AD00957BBC /* BaseSignUpViewController.swift */,
				B86194EF275D290600957BBC /* EnterUsernameViewController.swift */,
				B86194F3275DC49100957BBC /* EnterBirthdateViewController.swift */,
				B86194FE2760FED800957BBC /* EnterEmailViewController.swift */,
				B86195042761051900957BBC /* SelectGenderViewController.swift */,
				B8A7F8312761FCEB00F659D2 /* EnterPasswordViewController.swift */,
			);
			path = SignUp;
			sourceTree = "<group>";
		};
		B897A8F1274E303600FB67D3 = {
			isa = PBXGroup;
			children = (
				B897A8FC274E303600FB67D3 /* Facebook */,
				B897A8FB274E303600FB67D3 /* Products */,
				2374F33FDF56F8EAF5117649 /* Pods */,
				C012E5AC2AFFD2D68B2B2EE8 /* Frameworks */,
			);
			sourceTree = "<group>";
		};
		B897A8FB274E303600FB67D3 /* Products */ = {
			isa = PBXGroup;
			children = (
				B897A8FA274E303600FB67D3 /* Facebook.app */,
			);
			name = Products;
			sourceTree = "<group>";
		};
		B897A8FC274E303600FB67D3 /* Facebook */ = {
			isa = PBXGroup;
			children = (
				BE9C7CA62771700C0089247F /* Features */,
				BE9C7C9B276E41190089247F /* Extensions */,
				BEBDA762276C28DA0004FFD7 /* Common */,
				B846BDA82754F59100513B77 /* Components */,
				BEA834AC275123A300D6EC95 /* Network */,
				B897A8FD274E303600FB67D3 /* AppDelegate.swift */,
				B897A8FF274E303600FB67D3 /* SceneDelegate.swift */,
				B897A906274E303700FB67D3 /* Assets.xcassets */,
				B897A908274E303700FB67D3 /* LaunchScreen.storyboard */,
				B897A90B274E303700FB67D3 /* Info.plist */,
			);
			path = Facebook;
			sourceTree = "<group>";
		};
		BE64AF3627809F5400C25967 /* Headers */ = {
			isa = PBXGroup;
			children = (
				BE827A10277223A100BD3566 /* CreatePostHeaderView.swift */,
				BE64AF372780A34D00C25967 /* MainHeaderView.swift */,
				BE64AF3427809F3E00C25967 /* UploadProgressHeaderView.swift */,
			);
			path = Headers;
			sourceTree = "<group>";
		};
		BE7D1DF5277D973700E080E3 /* ViewModels */ = {
			isa = PBXGroup;
			children = (
				BE7D1DF6277D975000E080E3 /* PHPickerViewModel.swift */,
			);
			path = ViewModels;
			sourceTree = "<group>";
		};
		BE8015A9276B6CB30014FEFA /* Responses */ = {
			isa = PBXGroup;
			children = (
				BE8015AA276B6CC90014FEFA /* PaginatedResponse.swift */,
				BE9C7C99276E3F480089247F /* LoginResponse.swift */,
				BE86BAD42783047500948CAA /* PostLikeResponse.swift */,
				B85D67E3277C964F002CCC04 /* SignUpResponse.swift */,
			);
			path = Responses;
			sourceTree = "<group>";
		};
		BE9C7C8E276C71C50089247F /* PostCell */ = {
			isa = PBXGroup;
			children = (
				BEF254EB277ADBE800FBAACB /* InteractionButtonStackView.swift */,
				BEF254E2277AD0EA00FBAACB /* ProfileImageView.swift */,
				BEF254E4277AD28200FBAACB /* AuthorInfoHeaderView.swift */,
				BE7FD9F6277CCDCA00C3FF8E /* ImageGridCollectionView.swift */,
				BE7FD9F8277CCFDA00C3FF8E /* ImageGridCell.swift */,
			);
			path = PostCell;
			sourceTree = "<group>";
		};
		BE9C7C9B276E41190089247F /* Extensions */ = {
			isa = PBXGroup;
			children = (
				BE9C7C9C276E413B0089247F /* URL+QueryParameters.swift */,
				B8A7F8362767690F00F659D2 /* UIViewController+Extensions.swift */,
				BE9C7CA0276ECA1F0089247F /* Int+Formatter.swift */,
				BEF254F1277B079D00FBAACB /* CGFloat+LayoutConstants.swift */,
				BE86BAE32784183600948CAA /* UITableView+DynamicHeader.swift */,
				BE7D1DF8277DC63800E080E3 /* NSLayoutConstraints+Activate.swift */,
				BE7D1DFA277E089F00E080E3 /* Rx+Upload.swift */,
				BE64AF32277FE99D00C25967 /* ItemProvider+LoadFile.swift */,
			);
			path = Extensions;
			sourceTree = "<group>";
		};
		BE9C7CA227716E280089247F /* TextFields */ = {
			isa = PBXGroup;
			children = (
				B846BDAF2755119500513B77 /* FacebookTextField.swift */,
				BE86BADD2783F45A00948CAA /* FlexibleTextView.swift */,
				BE86BADF2784012F00948CAA /* CustomInputAccessoryView.swift */,
			);
			path = TextFields;
			sourceTree = "<group>";
		};
		BE9C7CA327716E450089247F /* Colors */ = {
			isa = PBXGroup;
			children = (
				B846BDA92754F5A900513B77 /* FacebookColor.swift */,
				BE827A0E2772131000BD3566 /* FacebookGrayscale.swift */,
			);
			path = Colors;
			sourceTree = "<group>";
		};
		BE9C7CA427716E5A0089247F /* Buttons */ = {
			isa = PBXGroup;
			children = (
				BE9C7C8F276C71DB0089247F /* InteractionButtons.swift */,
				B846BDAB2754FEFB00513B77 /* RectangularSlimButton.swift */,
			);
			path = Buttons;
			sourceTree = "<group>";
		};
		BE9C7CA527716EC00089247F /* ViewModels */ = {
			isa = PBXGroup;
			children = (
				BEFFFAAF276B1E08009CBF25 /* PaginationViewModel.swift */,
			);
			path = ViewModels;
			sourceTree = "<group>";
		};
		BE9C7CA62771700C0089247F /* Features */ = {
			isa = PBXGroup;
			children = (
				BE9C7CB9277200760089247F /* CreatePost */,
				BE9C7CB8277200480089247F /* PostDetail */,
				BE9C7CB52771731D0089247F /* Search */,
				BE9C7CAF277171A20089247F /* Authentication */,
				BE9C7CAE277171320089247F /* Notification */,
				BE9C7CAA2771706A0089247F /* Profile */,
				BE9C7CA7277170160089247F /* Newsfeed */,
			);
			path = Features;
			sourceTree = "<group>";
		};
		BE9C7CA7277170160089247F /* Newsfeed */ = {
			isa = PBXGroup;
			children = (
				BE9C7CA92771703E0089247F /* Controllers */,
				BE9C7CA8277170310089247F /* Views */,
			);
			path = Newsfeed;
			sourceTree = "<group>";
		};
		BE9C7CA8277170310089247F /* Views */ = {
			isa = PBXGroup;
			children = (
				BE9C7C95276DB3C30089247F /* PostCell.swift */,
				B897A921274E612B00FB67D3 /* NewsfeedTabView.swift */,
				BE64AF3627809F5400C25967 /* Headers */,
				BE827A1227722ABD00BD3566 /* CreatePostTableViewCell.swift */,
				BE827A1627722B9400BD3566 /* CreatePostTableViewCell.xib */,
			);
			path = Views;
			sourceTree = "<group>";
		};
		BE9C7CA92771703E0089247F /* Controllers */ = {
			isa = PBXGroup;
			children = (
				B897A91E274E389000FB67D3 /* NewsfeedTabViewController.swift */,
			);
			path = Controllers;
			sourceTree = "<group>";
		};
		BE9C7CAA2771706A0089247F /* Profile */ = {
			isa = PBXGroup;
			children = (
				BE9C7CAC277170840089247F /* Controllers */,
				BE9C7CAB2771707A0089247F /* Views */,
			);
			name = Profile;
			path = "New Group";
			sourceTree = "<group>";
		};
		BE9C7CAB2771707A0089247F /* Views */ = {
			isa = PBXGroup;
			children = (
				B897A923274E61A900FB67D3 /* ProfileTabView.swift */,
				77B635412768B2C100C41EB3 /* DetailProfileView.swift */,
				774094362750E57100AD8DC2 /* MainProfileTableViewCell.swift */,
				774094372750E57100AD8DC2 /* MainProfileTableViewCell.xib */,
				771DF59E27707DD900B69351 /* ProfileImageTableViewCell.swift */,
				771DF59F27707DD900B69351 /* ProfileImageTableViewCell.xib */,
				7740943C2750E7E400AD8DC2 /* DetailProfileTableViewCell.swift */,
				7740943D2750E7E400AD8DC2 /* DetailProfileTableViewCell.xib */,
				774094422750EBF600AD8DC2 /* ShowProfileTableViewCell.swift */,
				774094432750EBF600AD8DC2 /* ShowProfileTableViewCell.xib */,
				774094482750ECDC00AD8DC2 /* EditProfileTableViewCell.swift */,
				774094492750ECDC00AD8DC2 /* EditProfileTableViewCell.xib */,
				77B635452768B2F900C41EB3 /* EditProfileView.swift */,
			);
			path = Views;
			sourceTree = "<group>";
		};
		BE9C7CAC277170840089247F /* Controllers */ = {
			isa = PBXGroup;
			children = (
				B897A918274E378300FB67D3 /* ProfileTabViewController.swift */,
				77B635432768B2E200C41EB3 /* DetailProfileViewController.swift */,
				77B635472768B30A00C41EB3 /* EditProfileViewController.swift */,
			);
			name = Controllers;
			path = "New Group1";
			sourceTree = "<group>";
		};
		BE9C7CAE277171320089247F /* Notification */ = {
			isa = PBXGroup;
			children = (
				BE9C7CB1277171D50089247F /* Controllers */,
				BE9C7CB0277171AE0089247F /* Views */,
			);
			path = Notification;
			sourceTree = "<group>";
		};
		BE9C7CAF277171A20089247F /* Authentication */ = {
			isa = PBXGroup;
			children = (
				BE9C7CB3277172410089247F /* Controllers */,
				BE9C7CB22771723A0089247F /* Views */,
			);
			path = Authentication;
			sourceTree = "<group>";
		};
		BE9C7CB0277171AE0089247F /* Views */ = {
			isa = PBXGroup;
			children = (
				777993232750D280007A3898 /* NotificationTableViewCell.swift */,
				777993242750D280007A3898 /* NotificationTableViewCell.xib */,
				B897A925274E61D800FB67D3 /* NotificationTabView.swift */,
			);
			path = Views;
			sourceTree = "<group>";
		};
		BE9C7CB1277171D50089247F /* Controllers */ = {
			isa = PBXGroup;
			children = (
				B897A91C274E387300FB67D3 /* NotificationTabViewController.swift */,
			);
			path = Controllers;
			sourceTree = "<group>";
		};
		BE9C7CB22771723A0089247F /* Views */ = {
			isa = PBXGroup;
			children = (
				B846BDA62754F35800513B77 /* LoginView.swift */,
				B86194E7275D135300957BBC /* SignUp */,
			);
			path = Views;
			sourceTree = "<group>";
		};
		BE9C7CB3277172410089247F /* Controllers */ = {
			isa = PBXGroup;
			children = (
				B846BDAD275504AA00513B77 /* LoginViewController.swift */,
				B86194EA275D15A700957BBC /* SignUp */,
			);
			path = Controllers;
			sourceTree = "<group>";
		};
		BE9C7CB4277172CA0089247F /* Controllers */ = {
			isa = PBXGroup;
			children = (
				B897A914274E372300FB67D3 /* RootTabBarController.swift */,
				B897A927274E69CF00FB67D3 /* BaseTabViewController.swift */,
			);
			path = Controllers;
			sourceTree = "<group>";
		};
		BE9C7CB52771731D0089247F /* Search */ = {
			isa = PBXGroup;
			children = (
				BE9C7CB7277173290089247F /* Controllers */,
			);
			path = Search;
			sourceTree = "<group>";
		};
		BE9C7CB7277173290089247F /* Controllers */ = {
			isa = PBXGroup;
			children = (
				7779931C2750843B007A3898 /* SearchViewController.swift */,
			);
			path = Controllers;
			sourceTree = "<group>";
		};
		BE9C7CB8277200480089247F /* PostDetail */ = {
			isa = PBXGroup;
			children = (
				BE9C7CBD277200C30089247F /* Views */,
				BE9C7CBC277200B70089247F /* Controllers */,
			);
			path = PostDetail;
			sourceTree = "<group>";
		};
		BE9C7CB9277200760089247F /* CreatePost */ = {
			isa = PBXGroup;
			children = (
				BE7D1DF5277D973700E080E3 /* ViewModels */,
				BE9C7CBB277200A60089247F /* Views */,
				BE9C7CBA277200A00089247F /* Controllers */,
			);
			path = CreatePost;
			sourceTree = "<group>";
		};
		BE9C7CBA277200A00089247F /* Controllers */ = {
			isa = PBXGroup;
			children = (
				77E12FA32769A98900B8F191 /* CreatePostViewController.swift */,
			);
			path = Controllers;
			sourceTree = "<group>";
		};
		BE9C7CBB277200A60089247F /* Views */ = {
			isa = PBXGroup;
			children = (
				77E12FA12769A97800B8F191 /* CreatePostView.swift */,
			);
			path = Views;
			sourceTree = "<group>";
		};
		BE9C7CBC277200B70089247F /* Controllers */ = {
			isa = PBXGroup;
			children = (
				77547903275CE66A0065711C /* PostDetailViewController.swift */,
			);
			path = Controllers;
			sourceTree = "<group>";
		};
		BE9C7CBD277200C30089247F /* Views */ = {
			isa = PBXGroup;
			children = (
				77AC749A275CEDAD00F10BD5 /* PostDetailView.swift */,
				BEF254F3277B0DC500FBAACB /* PostDetailHeaderView.swift */,
				77547906275CE6CC0065711C /* CommentTableViewCell.xib */,
				77547905275CE6CC0065711C /* CommentTableViewCellXib.swift */,
				77799318274FD8E4007A3898 /* PostTableViewCell.swift */,
				BE86BAD627830F7600948CAA /* CommentTableViewCell.swift */,
				77799319274FD8E4007A3898 /* PostTableViewCell.xib */,
			);
			path = Views;
			sourceTree = "<group>";
		};
		BEA834AC275123A300D6EC95 /* Network */ = {
			isa = PBXGroup;
			children = (
				BE8015A9276B6CB30014FEFA /* Responses */,
				BEFFFAAB276B1B8E009CBF25 /* Endpoints */,
				BEA834B427513B7700D6EC95 /* NetworkService.swift */,
				B846BDA42754E53700513B77 /* KakaoAuthManager.swift */,
			);
			path = Network;
			sourceTree = "<group>";
		};
		BEBDA762276C28DA0004FFD7 /* Common */ = {
			isa = PBXGroup;
			children = (
				BE9C7CB4277172CA0089247F /* Controllers */,
				BEFFFAA5276B125E009CBF25 /* Models */,
				BE9C7CA527716EC00089247F /* ViewModels */,
				BEF254F5277B49F000FBAACB /* SwiftUIRepresentable.swift */,
			);
			path = Common;
			sourceTree = "<group>";
		};
		BEBDA763276C28EC0004FFD7 /* Icons */ = {
			isa = PBXGroup;
			children = (
				BEBDA766276C296F0004FFD7 /* GradientIcon.swift */,
			);
			path = Icons;
			sourceTree = "<group>";
		};
		BEF254E6277AD3A700FBAACB /* Labels */ = {
			isa = PBXGroup;
			children = (
				BEF254E7277AD3C700FBAACB /* InfoLabel.swift */,
				BEF254ED277B062800FBAACB /* PostContentLabel.swift */,
				B8A7F8332767507000F659D2 /* LabelWithPadding.swift */,
			);
			path = Labels;
			sourceTree = "<group>";
		};
		BEFFFAA5276B125E009CBF25 /* Models */ = {
			isa = PBXGroup;
			children = (
				BEFFFAA6276B126D009CBF25 /* Post.swift */,
				BE9C7C9E276EC6EC0089247F /* User.swift */,
				BE86BAD827830FC100948CAA /* Comment.swift */,
				B85D67DF2775AC03002CCC04 /* NewUser.swift */,
				B85D67E5277ECA74002CCC04 /* CurrentUser.swift */,
			);
			path = Models;
			sourceTree = "<group>";
		};
		BEFFFAAB276B1B8E009CBF25 /* Endpoints */ = {
			isa = PBXGroup;
			children = (
				BEA834AD275123FD00D6EC95 /* Endpoint.swift */,
				BEFFFAAC276B1BA2009CBF25 /* Endpoint+Newsfeed.swift */,
				BE9C7C91276CDF230089247F /* Endpoint+User.swift */,
				B85D67E1277C9283002CCC04 /* Endpoint+NewUser.swift */,
			);
			path = Endpoints;
			sourceTree = "<group>";
		};
		C012E5AC2AFFD2D68B2B2EE8 /* Frameworks */ = {
			isa = PBXGroup;
			children = (
				74F8DC55374F2CDB24937D2A /* Pods_Facebook.framework */,
			);
			name = Frameworks;
			sourceTree = "<group>";
		};
/* End PBXGroup section */

/* Begin PBXNativeTarget section */
		B897A8F9274E303600FB67D3 /* Facebook */ = {
			isa = PBXNativeTarget;
			buildConfigurationList = B897A90E274E303700FB67D3 /* Build configuration list for PBXNativeTarget "Facebook" */;
			buildPhases = (
				9CA72C1D35F0CE49BFBA31A8 /* [CP] Check Pods Manifest.lock */,
				B897A8F6274E303600FB67D3 /* Sources */,
				B897A8F7274E303600FB67D3 /* Frameworks */,
				B897A8F8274E303600FB67D3 /* Resources */,
				2F692C30EFB8A0D7138DA2F0 /* [CP] Embed Pods Frameworks */,
			);
			buildRules = (
			);
			dependencies = (
			);
			name = Facebook;
			productName = Facebook;
			productReference = B897A8FA274E303600FB67D3 /* Facebook.app */;
			productType = "com.apple.product-type.application";
		};
/* End PBXNativeTarget section */

/* Begin PBXProject section */
		B897A8F2274E303600FB67D3 /* Project object */ = {
			isa = PBXProject;
			attributes = {
				BuildIndependentTargetsInParallel = 1;
				LastSwiftUpdateCheck = 1310;
				LastUpgradeCheck = 1310;
				TargetAttributes = {
					B897A8F9274E303600FB67D3 = {
						CreatedOnToolsVersion = 13.1;
					};
				};
			};
			buildConfigurationList = B897A8F5274E303600FB67D3 /* Build configuration list for PBXProject "Facebook" */;
			compatibilityVersion = "Xcode 13.0";
			developmentRegion = en;
			hasScannedForEncodings = 0;
			knownRegions = (
				en,
				Base,
			);
			mainGroup = B897A8F1274E303600FB67D3;
			productRefGroup = B897A8FB274E303600FB67D3 /* Products */;
			projectDirPath = "";
			projectRoot = "";
			targets = (
				B897A8F9274E303600FB67D3 /* Facebook */,
			);
		};
/* End PBXProject section */

/* Begin PBXResourcesBuildPhase section */
		B897A8F8274E303600FB67D3 /* Resources */ = {
			isa = PBXResourcesBuildPhase;
			buildActionMask = 2147483647;
			files = (
				7740944B2750ECDC00AD8DC2 /* EditProfileTableViewCell.xib in Resources */,
				BE827A1727722B9400BD3566 /* CreatePostTableViewCell.xib in Resources */,
				771DF5A127707DD900B69351 /* ProfileImageTableViewCell.xib in Resources */,
				777993262750D280007A3898 /* NotificationTableViewCell.xib in Resources */,
				7779931B274FD8E4007A3898 /* PostTableViewCell.xib in Resources */,
				774094452750EBF600AD8DC2 /* ShowProfileTableViewCell.xib in Resources */,
				7740943F2750E7E400AD8DC2 /* DetailProfileTableViewCell.xib in Resources */,
				B897A90A274E303700FB67D3 /* LaunchScreen.storyboard in Resources */,
				774094392750E57100AD8DC2 /* MainProfileTableViewCell.xib in Resources */,
				B897A907274E303700FB67D3 /* Assets.xcassets in Resources */,
				77547908275CE6CC0065711C /* CommentTableViewCell.xib in Resources */,
			);
			runOnlyForDeploymentPostprocessing = 0;
		};
/* End PBXResourcesBuildPhase section */

/* Begin PBXShellScriptBuildPhase section */
		2F692C30EFB8A0D7138DA2F0 /* [CP] Embed Pods Frameworks */ = {
			isa = PBXShellScriptBuildPhase;
			buildActionMask = 2147483647;
			files = (
			);
			inputFileListPaths = (
				"${PODS_ROOT}/Target Support Files/Pods-Facebook/Pods-Facebook-frameworks-${CONFIGURATION}-input-files.xcfilelist",
			);
			name = "[CP] Embed Pods Frameworks";
			outputFileListPaths = (
				"${PODS_ROOT}/Target Support Files/Pods-Facebook/Pods-Facebook-frameworks-${CONFIGURATION}-output-files.xcfilelist",
			);
			runOnlyForDeploymentPostprocessing = 0;
			shellPath = /bin/sh;
			shellScript = "\"${PODS_ROOT}/Target Support Files/Pods-Facebook/Pods-Facebook-frameworks.sh\"\n";
			showEnvVarsInLog = 0;
		};
		9CA72C1D35F0CE49BFBA31A8 /* [CP] Check Pods Manifest.lock */ = {
			isa = PBXShellScriptBuildPhase;
			buildActionMask = 2147483647;
			files = (
			);
			inputFileListPaths = (
			);
			inputPaths = (
				"${PODS_PODFILE_DIR_PATH}/Podfile.lock",
				"${PODS_ROOT}/Manifest.lock",
			);
			name = "[CP] Check Pods Manifest.lock";
			outputFileListPaths = (
			);
			outputPaths = (
				"$(DERIVED_FILE_DIR)/Pods-Facebook-checkManifestLockResult.txt",
			);
			runOnlyForDeploymentPostprocessing = 0;
			shellPath = /bin/sh;
			shellScript = "diff \"${PODS_PODFILE_DIR_PATH}/Podfile.lock\" \"${PODS_ROOT}/Manifest.lock\" > /dev/null\nif [ $? != 0 ] ; then\n    # print error to STDERR\n    echo \"error: The sandbox is not in sync with the Podfile.lock. Run 'pod install' or update your CocoaPods installation.\" >&2\n    exit 1\nfi\n# This output is used by Xcode 'outputs' to avoid re-running this script phase.\necho \"SUCCESS\" > \"${SCRIPT_OUTPUT_FILE_0}\"\n";
			showEnvVarsInLog = 0;
		};
/* End PBXShellScriptBuildPhase section */

/* Begin PBXSourcesBuildPhase section */
		B897A8F6274E303600FB67D3 /* Sources */ = {
			isa = PBXSourcesBuildPhase;
			buildActionMask = 2147483647;
			files = (
				BE7FD9F7277CCDCA00C3FF8E /* ImageGridCollectionView.swift in Sources */,
				77B635482768B30A00C41EB3 /* EditProfileViewController.swift in Sources */,
				BEF254E8277AD3C700FBAACB /* InfoLabel.swift in Sources */,
				77B635442768B2E200C41EB3 /* DetailProfileViewController.swift in Sources */,
				7779931A274FD8E4007A3898 /* PostTableViewCell.swift in Sources */,
				BEFFFAA7276B126D009CBF25 /* Post.swift in Sources */,
				7740944A2750ECDC00AD8DC2 /* EditProfileTableViewCell.swift in Sources */,
				BE9C7C92276CDF230089247F /* Endpoint+User.swift in Sources */,
				B85D67E4277C964F002CCC04 /* SignUpResponse.swift in Sources */,
				BE9C7C9D276E413B0089247F /* URL+QueryParameters.swift in Sources */,
				B85D67E02775AC04002CCC04 /* NewUser.swift in Sources */,
				774094442750EBF600AD8DC2 /* ShowProfileTableViewCell.swift in Sources */,
				77547907275CE6CC0065711C /* CommentTableViewCellXib.swift in Sources */,
				BE86BAD727830F7600948CAA /* CommentTableViewCell.swift in Sources */,
				B897A8FE274E303600FB67D3 /* AppDelegate.swift in Sources */,
				77B635422768B2C100C41EB3 /* DetailProfileView.swift in Sources */,
				BE9C7C90276C71DB0089247F /* InteractionButtons.swift in Sources */,
				BE9C7C96276DB3C30089247F /* PostCell.swift in Sources */,
				B897A8FE274E303600FB67D3 /* AppDelegate.swift in Sources */,
				BE9C7C9A276E3F480089247F /* LoginResponse.swift in Sources */,
				B86194F2275DC0C200957BBC /* EnterBirthdateView.swift in Sources */,
				B897A8FE274E303600FB67D3 /* AppDelegate.swift in Sources */,
				BE64AF3527809F3E00C25967 /* UploadProgressHeaderView.swift in Sources */,
				B86194F0275D290600957BBC /* EnterUsernameViewController.swift in Sources */,
				B8A7F8322761FCEB00F659D2 /* EnterPasswordViewController.swift in Sources */,
				B846BDA72754F35800513B77 /* LoginView.swift in Sources */,
				BE827A11277223A100BD3566 /* CreatePostHeaderView.swift in Sources */,
				B897A926274E61D800FB67D3 /* NotificationTabView.swift in Sources */,
				B846BDAA2754F5A900513B77 /* FacebookColor.swift in Sources */,
				7740943E2750E7E400AD8DC2 /* DetailProfileTableViewCell.swift in Sources */,
				BE86BAE02784012F00948CAA /* CustomInputAccessoryView.swift in Sources */,
				B897A91F274E389000FB67D3 /* NewsfeedTabViewController.swift in Sources */,
				77AC749B275CEDAD00F10BD5 /* PostDetailView.swift in Sources */,
				77B635462768B2F900C41EB3 /* EditProfileView.swift in Sources */,
				777993252750D280007A3898 /* NotificationTableViewCell.swift in Sources */,
				BEF254EE277B062800FBAACB /* PostContentLabel.swift in Sources */,
				771DF5A027707DD900B69351 /* ProfileImageTableViewCell.swift in Sources */,
				77547904275CE66A0065711C /* PostDetailViewController.swift in Sources */,
				B846BDAC2754FEFB00513B77 /* RectangularSlimButton.swift in Sources */,
				777993252750D280007A3898 /* NotificationTableViewCell.swift in Sources */,
				B8619503276103AE00957BBC /* SelectGenderView.swift in Sources */,
				BE7D1DFB277E089F00E080E3 /* Rx+Upload.swift in Sources */,
				B897A924274E61A900FB67D3 /* ProfileTabView.swift in Sources */,
				B85D67E2277C9283002CCC04 /* Endpoint+NewUser.swift in Sources */,
				B8619501276101AD00957BBC /* BaseSignUpViewController.swift in Sources */,
				BE64AF382780A34E00C25967 /* MainHeaderView.swift in Sources */,
				BE7D1DF7277D975000E080E3 /* PHPickerViewModel.swift in Sources */,
				B846BDA52754E53700513B77 /* KakaoAuthManager.swift in Sources */,
				B86194FF2760FED800957BBC /* EnterEmailViewController.swift in Sources */,
				B86195092761AFAE00957BBC /* ContentSizeFitViews.swift in Sources */,
				BE64AF33277FE99D00C25967 /* ItemProvider+LoadFile.swift in Sources */,
				BE86BADE2783F45B00948CAA /* FlexibleTextView.swift in Sources */,
				BE86BAE42784183600948CAA /* UITableView+DynamicHeader.swift in Sources */,
				B846BDB02755119600513B77 /* FacebookTextField.swift in Sources */,
				BE64AF3A27827FAE00C25967 /* ResponsiveTableView.swift in Sources */,
				B86195052761051900957BBC /* SelectGenderViewController.swift in Sources */,
				B897A915274E372300FB67D3 /* RootTabBarController.swift in Sources */,
				77E12FA22769A97800B8F191 /* CreatePostView.swift in Sources */,
				BE827A1427722ABD00BD3566 /* CreatePostTableViewCell.swift in Sources */,
				BE8015AB276B6CC90014FEFA /* PaginatedResponse.swift in Sources */,
				7779931D2750843C007A3898 /* SearchViewController.swift in Sources */,
				B86194EE275D28D000957BBC /* EnterUsernameView.swift in Sources */,
				BEF254E5277AD28200FBAACB /* AuthorInfoHeaderView.swift in Sources */,
				B86194FD2760FEC700957BBC /* EnterEmailView.swift in Sources */,
				B897A928274E69CF00FB67D3 /* BaseTabViewController.swift in Sources */,
				BEBDA767276C296F0004FFD7 /* GradientIcon.swift in Sources */,
				BE7FD9F9277CCFDA00C3FF8E /* ImageGridCell.swift in Sources */,
				BE7D1DF9277DC63800E080E3 /* NSLayoutConstraints+Activate.swift in Sources */,
				B897A919274E378300FB67D3 /* ProfileTabViewController.swift in Sources */,
				B8A7F8372767690F00F659D2 /* UIViewController+Extensions.swift in Sources */,
				BEF254F4277B0DC500FBAACB /* PostDetailHeaderView.swift in Sources */,
				BE86BAD927830FC100948CAA /* Comment.swift in Sources */,
				BE827A0F2772131000BD3566 /* FacebookGrayscale.swift in Sources */,
				B897A922274E612B00FB67D3 /* NewsfeedTabView.swift in Sources */,
				BE9C7C9F276EC6EC0089247F /* User.swift in Sources */,
				BEF254EC277ADBE800FBAACB /* InteractionButtonStackView.swift in Sources */,
				BE9C7CA1276ECA1F0089247F /* Int+Formatter.swift in Sources */,
				B897A91D274E387300FB67D3 /* NotificationTabViewController.swift in Sources */,
				BEFFFAB0276B1E08009CBF25 /* PaginationViewModel.swift in Sources */,
				BEF254F6277B49F000FBAACB /* SwiftUIRepresentable.swift in Sources */,
				BEFFFAAD276B1BA2009CBF25 /* Endpoint+Newsfeed.swift in Sources */,
				B8A7F8342767507000F659D2 /* LabelWithPadding.swift in Sources */,
				B86194F4275DC49100957BBC /* EnterBirthdateViewController.swift in Sources */,
				BEA834AE275123FD00D6EC95 /* Endpoint.swift in Sources */,
				77E12FA42769A98900B8F191 /* CreatePostViewController.swift in Sources */,
				BE86BAD52783047500948CAA /* PostLikeResponse.swift in Sources */,
				BEA834B527513B7700D6EC95 /* NetworkService.swift in Sources */,
				B846BDB42759250400513B77 /* BaseSignUpView.swift in Sources */,
				B8A7F8302761FC5F00F659D2 /* EnterPasswordView.swift in Sources */,
				774094382750E57100AD8DC2 /* MainProfileTableViewCell.swift in Sources */,
				BEF254E3277AD0EA00FBAACB /* ProfileImageView.swift in Sources */,
				B846BDAE275504AA00513B77 /* LoginViewController.swift in Sources */,
				BEF254F2277B079D00FBAACB /* CGFloat+LayoutConstants.swift in Sources */,
				B8619507276198B400957BBC /* GenderTableViewCell.swift in Sources */,
				B85D67E6277ECA76002CCC04 /* CurrentUser.swift in Sources */,
				B897A900274E303600FB67D3 /* SceneDelegate.swift in Sources */,
			);
			runOnlyForDeploymentPostprocessing = 0;
		};
/* End PBXSourcesBuildPhase section */

/* Begin PBXVariantGroup section */
		B897A908274E303700FB67D3 /* LaunchScreen.storyboard */ = {
			isa = PBXVariantGroup;
			children = (
				B897A909274E303700FB67D3 /* Base */,
			);
			name = LaunchScreen.storyboard;
			sourceTree = "<group>";
		};
/* End PBXVariantGroup section */

/* Begin XCBuildConfiguration section */
		B897A90C274E303700FB67D3 /* Debug */ = {
			isa = XCBuildConfiguration;
			buildSettings = {
				ALWAYS_SEARCH_USER_PATHS = NO;
				CLANG_ANALYZER_NONNULL = YES;
				CLANG_ANALYZER_NUMBER_OBJECT_CONVERSION = YES_AGGRESSIVE;
				CLANG_CXX_LANGUAGE_STANDARD = "gnu++17";
				CLANG_CXX_LIBRARY = "libc++";
				CLANG_ENABLE_MODULES = YES;
				CLANG_ENABLE_OBJC_ARC = YES;
				CLANG_ENABLE_OBJC_WEAK = YES;
				CLANG_WARN_BLOCK_CAPTURE_AUTORELEASING = YES;
				CLANG_WARN_BOOL_CONVERSION = YES;
				CLANG_WARN_COMMA = YES;
				CLANG_WARN_CONSTANT_CONVERSION = YES;
				CLANG_WARN_DEPRECATED_OBJC_IMPLEMENTATIONS = YES;
				CLANG_WARN_DIRECT_OBJC_ISA_USAGE = YES_ERROR;
				CLANG_WARN_DOCUMENTATION_COMMENTS = YES;
				CLANG_WARN_EMPTY_BODY = YES;
				CLANG_WARN_ENUM_CONVERSION = YES;
				CLANG_WARN_INFINITE_RECURSION = YES;
				CLANG_WARN_INT_CONVERSION = YES;
				CLANG_WARN_NON_LITERAL_NULL_CONVERSION = YES;
				CLANG_WARN_OBJC_IMPLICIT_RETAIN_SELF = YES;
				CLANG_WARN_OBJC_LITERAL_CONVERSION = YES;
				CLANG_WARN_OBJC_ROOT_CLASS = YES_ERROR;
				CLANG_WARN_QUOTED_INCLUDE_IN_FRAMEWORK_HEADER = YES;
				CLANG_WARN_RANGE_LOOP_ANALYSIS = YES;
				CLANG_WARN_STRICT_PROTOTYPES = YES;
				CLANG_WARN_SUSPICIOUS_MOVE = YES;
				CLANG_WARN_UNGUARDED_AVAILABILITY = YES_AGGRESSIVE;
				CLANG_WARN_UNREACHABLE_CODE = YES;
				CLANG_WARN__DUPLICATE_METHOD_MATCH = YES;
				COPY_PHASE_STRIP = NO;
				DEBUG_INFORMATION_FORMAT = dwarf;
				ENABLE_STRICT_OBJC_MSGSEND = YES;
				ENABLE_TESTABILITY = YES;
				GCC_C_LANGUAGE_STANDARD = gnu11;
				GCC_DYNAMIC_NO_PIC = NO;
				GCC_NO_COMMON_BLOCKS = YES;
				GCC_OPTIMIZATION_LEVEL = 0;
				GCC_PREPROCESSOR_DEFINITIONS = (
					"DEBUG=1",
					"$(inherited)",
				);
				GCC_WARN_64_TO_32_BIT_CONVERSION = YES;
				GCC_WARN_ABOUT_RETURN_TYPE = YES_ERROR;
				GCC_WARN_UNDECLARED_SELECTOR = YES;
				GCC_WARN_UNINITIALIZED_AUTOS = YES_AGGRESSIVE;
				GCC_WARN_UNUSED_FUNCTION = YES;
				GCC_WARN_UNUSED_VARIABLE = YES;
				IPHONEOS_DEPLOYMENT_TARGET = 15.0;
				MTL_ENABLE_DEBUG_INFO = INCLUDE_SOURCE;
				MTL_FAST_MATH = YES;
				ONLY_ACTIVE_ARCH = YES;
				SDKROOT = iphoneos;
				SWIFT_ACTIVE_COMPILATION_CONDITIONS = DEBUG;
				SWIFT_OPTIMIZATION_LEVEL = "-Onone";
			};
			name = Debug;
		};
		B897A90D274E303700FB67D3 /* Release */ = {
			isa = XCBuildConfiguration;
			buildSettings = {
				ALWAYS_SEARCH_USER_PATHS = NO;
				CLANG_ANALYZER_NONNULL = YES;
				CLANG_ANALYZER_NUMBER_OBJECT_CONVERSION = YES_AGGRESSIVE;
				CLANG_CXX_LANGUAGE_STANDARD = "gnu++17";
				CLANG_CXX_LIBRARY = "libc++";
				CLANG_ENABLE_MODULES = YES;
				CLANG_ENABLE_OBJC_ARC = YES;
				CLANG_ENABLE_OBJC_WEAK = YES;
				CLANG_WARN_BLOCK_CAPTURE_AUTORELEASING = YES;
				CLANG_WARN_BOOL_CONVERSION = YES;
				CLANG_WARN_COMMA = YES;
				CLANG_WARN_CONSTANT_CONVERSION = YES;
				CLANG_WARN_DEPRECATED_OBJC_IMPLEMENTATIONS = YES;
				CLANG_WARN_DIRECT_OBJC_ISA_USAGE = YES_ERROR;
				CLANG_WARN_DOCUMENTATION_COMMENTS = YES;
				CLANG_WARN_EMPTY_BODY = YES;
				CLANG_WARN_ENUM_CONVERSION = YES;
				CLANG_WARN_INFINITE_RECURSION = YES;
				CLANG_WARN_INT_CONVERSION = YES;
				CLANG_WARN_NON_LITERAL_NULL_CONVERSION = YES;
				CLANG_WARN_OBJC_IMPLICIT_RETAIN_SELF = YES;
				CLANG_WARN_OBJC_LITERAL_CONVERSION = YES;
				CLANG_WARN_OBJC_ROOT_CLASS = YES_ERROR;
				CLANG_WARN_QUOTED_INCLUDE_IN_FRAMEWORK_HEADER = YES;
				CLANG_WARN_RANGE_LOOP_ANALYSIS = YES;
				CLANG_WARN_STRICT_PROTOTYPES = YES;
				CLANG_WARN_SUSPICIOUS_MOVE = YES;
				CLANG_WARN_UNGUARDED_AVAILABILITY = YES_AGGRESSIVE;
				CLANG_WARN_UNREACHABLE_CODE = YES;
				CLANG_WARN__DUPLICATE_METHOD_MATCH = YES;
				COPY_PHASE_STRIP = NO;
				DEBUG_INFORMATION_FORMAT = "dwarf-with-dsym";
				ENABLE_NS_ASSERTIONS = NO;
				ENABLE_STRICT_OBJC_MSGSEND = YES;
				GCC_C_LANGUAGE_STANDARD = gnu11;
				GCC_NO_COMMON_BLOCKS = YES;
				GCC_WARN_64_TO_32_BIT_CONVERSION = YES;
				GCC_WARN_ABOUT_RETURN_TYPE = YES_ERROR;
				GCC_WARN_UNDECLARED_SELECTOR = YES;
				GCC_WARN_UNINITIALIZED_AUTOS = YES_AGGRESSIVE;
				GCC_WARN_UNUSED_FUNCTION = YES;
				GCC_WARN_UNUSED_VARIABLE = YES;
				IPHONEOS_DEPLOYMENT_TARGET = 15.0;
				MTL_ENABLE_DEBUG_INFO = NO;
				MTL_FAST_MATH = YES;
				SDKROOT = iphoneos;
				SWIFT_COMPILATION_MODE = wholemodule;
				SWIFT_OPTIMIZATION_LEVEL = "-O";
				VALIDATE_PRODUCT = YES;
			};
			name = Release;
		};
		B897A90F274E303700FB67D3 /* Debug */ = {
			isa = XCBuildConfiguration;
			baseConfigurationReference = 6359F47475B70FE61F708C89 /* Pods-Facebook.debug.xcconfig */;
			buildSettings = {
				ASSETCATALOG_COMPILER_APPICON_NAME = AppIcon;
				ASSETCATALOG_COMPILER_GLOBAL_ACCENT_COLOR_NAME = AccentColor;
				CODE_SIGN_STYLE = Automatic;
				CURRENT_PROJECT_VERSION = 1;
				DEVELOPMENT_TEAM = GB5CDMBZQB;
				GENERATE_INFOPLIST_FILE = YES;
				INFOPLIST_FILE = Facebook/Info.plist;
				INFOPLIST_KEY_UIApplicationSupportsIndirectInputEvents = YES;
				INFOPLIST_KEY_UILaunchStoryboardName = LaunchScreen;
				INFOPLIST_KEY_UISupportedInterfaceOrientations_iPad = "UIInterfaceOrientationPortrait UIInterfaceOrientationPortraitUpsideDown UIInterfaceOrientationLandscapeLeft UIInterfaceOrientationLandscapeRight";
				INFOPLIST_KEY_UISupportedInterfaceOrientations_iPhone = "UIInterfaceOrientationPortrait UIInterfaceOrientationLandscapeLeft UIInterfaceOrientationLandscapeRight";
				LD_RUNPATH_SEARCH_PATHS = (
					"$(inherited)",
					"@executable_path/Frameworks",
				);
				MARKETING_VERSION = 1.0;
				PRODUCT_BUNDLE_IDENTIFIER = com.waffleteam9.Facebook.shp7724;
				PRODUCT_NAME = "$(TARGET_NAME)";
				SWIFT_EMIT_LOC_STRINGS = YES;
				SWIFT_VERSION = 5.0;
				TARGETED_DEVICE_FAMILY = "1,2";
			};
			name = Debug;
		};
		B897A910274E303700FB67D3 /* Release */ = {
			isa = XCBuildConfiguration;
			baseConfigurationReference = AF0AA20D3E5E391258D676CE /* Pods-Facebook.release.xcconfig */;
			buildSettings = {
				ASSETCATALOG_COMPILER_APPICON_NAME = AppIcon;
				ASSETCATALOG_COMPILER_GLOBAL_ACCENT_COLOR_NAME = AccentColor;
				CODE_SIGN_STYLE = Automatic;
				CURRENT_PROJECT_VERSION = 1;
				DEVELOPMENT_TEAM = GB5CDMBZQB;
				GENERATE_INFOPLIST_FILE = YES;
				INFOPLIST_FILE = Facebook/Info.plist;
				INFOPLIST_KEY_UIApplicationSupportsIndirectInputEvents = YES;
				INFOPLIST_KEY_UILaunchStoryboardName = LaunchScreen;
				INFOPLIST_KEY_UISupportedInterfaceOrientations_iPad = "UIInterfaceOrientationPortrait UIInterfaceOrientationPortraitUpsideDown UIInterfaceOrientationLandscapeLeft UIInterfaceOrientationLandscapeRight";
				INFOPLIST_KEY_UISupportedInterfaceOrientations_iPhone = "UIInterfaceOrientationPortrait UIInterfaceOrientationLandscapeLeft UIInterfaceOrientationLandscapeRight";
				LD_RUNPATH_SEARCH_PATHS = (
					"$(inherited)",
					"@executable_path/Frameworks",
				);
				MARKETING_VERSION = 1.0;
				PRODUCT_BUNDLE_IDENTIFIER = com.waffleteam9.Facebook.shp7724;
				PRODUCT_NAME = "$(TARGET_NAME)";
				SWIFT_EMIT_LOC_STRINGS = YES;
				SWIFT_VERSION = 5.0;
				TARGETED_DEVICE_FAMILY = "1,2";
			};
			name = Release;
		};
/* End XCBuildConfiguration section */

/* Begin XCConfigurationList section */
		B897A8F5274E303600FB67D3 /* Build configuration list for PBXProject "Facebook" */ = {
			isa = XCConfigurationList;
			buildConfigurations = (
				B897A90C274E303700FB67D3 /* Debug */,
				B897A90D274E303700FB67D3 /* Release */,
			);
			defaultConfigurationIsVisible = 0;
			defaultConfigurationName = Release;
		};
		B897A90E274E303700FB67D3 /* Build configuration list for PBXNativeTarget "Facebook" */ = {
			isa = XCConfigurationList;
			buildConfigurations = (
				B897A90F274E303700FB67D3 /* Debug */,
				B897A910274E303700FB67D3 /* Release */,
			);
			defaultConfigurationIsVisible = 0;
			defaultConfigurationName = Release;
		};
/* End XCConfigurationList section */
	};
	rootObject = B897A8F2274E303600FB67D3 /* Project object */;
}
